// !$*UTF8*$!
{
	archiveVersion = 1;
	classes = {
	};
	objectVersion = 38;
	objects = {
		0249A665FF388DC511CA2CEA = {
			isa = PBXApplicationReference;
			path = Zex.app;
			refType = 3;
		};
		0249A669FF388E3911CA2CEA = {
			isa = PBXFileReference;
			name = "libstdc++.a";
			path = "/usr/lib/libstdc++.a";
			refType = 0;
		};
		0249A66AFF388E3911CA2CEA = {
			fileRef = 0249A669FF388E3911CA2CEA;
			isa = PBXBuildFile;
			settings = {
			};
		};
//020
//021
//022
//023
//024
//040
//041
//042
//043
//044
		04313892FE3035C9C02AAC07 = {
			buildActionMask = 2147483647;
			files = (
				20286C3AFDCF999611CA2CEA,
			);
			isa = PBXRezBuildPhase;
			runOnlyForDeploymentPostprocessing = 0;
		};
//040
//041
//042
//043
//044
//050
//051
//052
//053
//054
		05952DFCFFF02D1B11CA0E50 = {
			buildRules = (
			);
			buildSettings = {
				COPY_PHASE_STRIP = NO;
				OPTIMIZATION_CFLAGS = "-O0";
			};
			isa = PBXBuildStyle;
			name = Development;
		};
		05952DFDFFF02D1B11CA0E50 = {
			buildRules = (
			);
			buildSettings = {
				COPY_PHASE_STRIP = YES;
			};
			isa = PBXBuildStyle;
			name = "Deployment GCC2";
		};
//050
//051
//052
//053
//054
//060
//061
//062
//063
//064
		0640BAA4FFF0323A11CA0E50 = {
			isa = PBXFrameworkReference;
			name = ApplicationServices.framework;
			path = /System/Library/Frameworks/ApplicationServices.framework;
			refType = 0;
		};
//060
//061
//062
//063
//064
//080
//081
//082
//083
//084
		0867D6AAFE840B52C02AAC07 = {
			children = (
				0867D6ABFE840B52C02AAC07,
			);
			isa = PBXVariantGroup;
			name = InfoPlist.strings;
			refType = 4;
		};
		0867D6ABFE840B52C02AAC07 = {
			fileEncoding = 10;
			isa = PBXFileReference;
			name = English;
			path = English.lproj/InfoPlist.strings;
			refType = 4;
		};
		0867D6ACFE840B52C02AAC07 = {
			fileRef = 0867D6AAFE840B52C02AAC07;
			isa = PBXBuildFile;
			settings = {
			};
		};
//080
//081
//082
//083
//084
//190
//191
//192
//193
//194
		195DF8C9FE9D4F0611CA2CBB = {
			children = (
				0249A665FF388DC511CA2CEA,
			);
			isa = PBXGroup;
			name = Products;
			refType = 4;
		};
//190
//191
//192
//193
//194
//200
//201
//202
//203
//204
		20286C28FDCF999611CA2CEA = {
			buildStyles = (
				05952DFCFFF02D1B11CA0E50,
				05952DFDFFF02D1B11CA0E50,
				F551B66902AAC9D101A8010A,
				F56E06720280879001A8010A,
			);
			hasScannedForEncodings = 1;
			isa = PBXProject;
			mainGroup = 20286C29FDCF999611CA2CEA;
			projectDirPath = "";
			targets = (
				20286C34FDCF999611CA2CEA,
			);
		};
		20286C29FDCF999611CA2CEA = {
			children = (
				F583F44302DE2F66010001E2,
				F507733D01FCCA8A01A8010A,
				20286C2AFDCF999611CA2CEA,
				20286C2CFDCF999611CA2CEA,
				20286C32FDCF999611CA2CEA,
				195DF8C9FE9D4F0611CA2CBB,
			);
			isa = PBXGroup;
			name = zex22pb_proj;
			path = "";
			refType = 4;
		};
		20286C2AFDCF999611CA2CEA = {
			children = (
				F50EA3EC017773D201AFB9BD,
				F5676F2E02042779010001DC,
				F5152C7A0177925B01236145,
				F5152C950177937201236145,
				F5152CA50177944701236145,
				F569282F02622C9A01A8010A,
				F5152CDA017795B801236145,
				F5152CB3017794D101236145,
				F5152D03017796D101236145,
				F5152D090177971F01236145,
				F5152D320177981E01236145,
				F5152D55017798E501236145,
				F5152D5C0177997001236145,
				F5152D6F017799C901236145,
				F5152D8A01779ACA01236145,
				F5152D9D01779BA401236145,
				F5152DA701779C1501236145,
				F5B04EBD01E65802010001DC,
				F5152C7E017792DD01236145,
				F5AE1A2B0326D8C7010001C8,
			);
			isa = PBXGroup;
			name = Sources;
			path = "";
			refType = 2;
		};
		20286C2CFDCF999611CA2CEA = {
			children = (
				20286C2DFDCF999611CA2CEA,
				0867D6AAFE840B52C02AAC07,
				F554739C02DE383A010001E2,
			);
			isa = PBXGroup;
			name = Resources;
			path = "";
			refType = 4;
		};
		20286C2DFDCF999611CA2CEA = {
			fileEncoding = 30;
			isa = PBXFileReference;
			path = main.r;
			refType = 4;
		};
		20286C32FDCF999611CA2CEA = {
			children = (
				F56377FD0296D1EC01A8010A,
				20286C33FDCF999611CA2CEA,
				0249A669FF388E3911CA2CEA,
				0640BAA4FFF0323A11CA0E50,
				F5350F6001791EDE019D6BC9,
				F5350F6101791EDE019D6BC9,
				F565F98E0188BE9101A8010A,
			);
			isa = PBXGroup;
			name = "External Frameworks and Libraries";
			path = "";
			refType = 4;
		};
		20286C33FDCF999611CA2CEA = {
			isa = PBXFrameworkReference;
			name = Carbon.framework;
			path = /System/Library/Frameworks/Carbon.framework;
			refType = 0;
		};
		20286C34FDCF999611CA2CEA = {
			buildPhases = (
				20286C35FDCF999611CA2CEA,
				20286C36FDCF999611CA2CEA,
				20286C38FDCF999611CA2CEA,
				20286C3BFDCF999611CA2CEA,
				04313892FE3035C9C02AAC07,
			);
			buildSettings = {
				FRAMEWORK_SEARCH_PATHS = "";
				HEADER_SEARCH_PATHS = /Developer/OpenGL1.2SDK/Headers;
				INSTALL_PATH = "$(HOME)/Applications";
				LIBRARY_SEARCH_PATHS = "";
				OPTIMIZATION_CFLAGS = "-O0";
				OTHER_CFLAGS = "-fpascal-strings -fpermissive";
				OTHER_LDFLAGS = "";
				OTHER_REZFLAGS = "";
				PRECOMPILE_PREFIX_HEADER = YES;
				PREFIX_HEADER = ../../Code/Main/zex_pch.h;
				PRODUCT_NAME = Zex;
				SECTORDER_FLAGS = "";
				WARNING_CFLAGS = "-Wmost -Wno-four-char-constants -Wno-unknown-pragmas";
				WRAPPER_EXTENSION = app;
			};
			dependencies = (
			);
			isa = PBXApplicationTarget;
			name = zex23pb_proj;
			productInstallPath = "$(HOME)/Applications";
			productName = zex22pb_proj;
			productReference = 0249A665FF388DC511CA2CEA;
			productSettingsXML = "<?xml version=\"1.0\" encoding=\"UTF-8\"?>
<!DOCTYPE plist PUBLIC \"-//Apple Computer//DTD PLIST 1.0//EN\" \"http://www.apple.com/DTDs/PropertyList-1.0.dtd\">
<plist version=\"1.0\">
<dict>
	<key>CFBundleDevelopmentRegion</key>
	<string>English</string>
	<key>CFBundleExecutable</key>
	<string>Zex</string>
	<key>CFBundleGetInfoString</key>
	<string>0.7.3 ©LSG 2003</string>
	<key>CFBundleIconFile</key>
	<string></string>
	<key>CFBundleInfoDictionaryVersion</key>
	<string>6.0</string>
	<key>CFBundleName</key>
	<string>Zex</string>
	<key>CFBundlePackageType</key>
	<string>APPL</string>
	<key>CFBundleShortVersionString</key>
	<string>0.7.3</string>
	<key>CFBundleSignature</key>
	<string>LsZx</string>
	<key>CFBundleVersion</key>
	<string>0.73</string>
	<key>CSResourcesFileMapped</key>
	<true/>
</dict>
</plist>
";
		};
		20286C35FDCF999611CA2CEA = {
			buildActionMask = 2147483647;
			files = (
				F5152CAA0177946901236145,
				F5152CB10177949A01236145,
				F5152CDD017795E101236145,
				F5152CFF017796B501236145,
				F5152D0F0177971F01236145,
				F5152D100177971F01236145,
				F5152D110177971F01236145,
				F5152D120177971F01236145,
				F5152D130177971F01236145,
				F5152D24017797A701236145,
				F5152D25017797A701236145,
				F5152D5F0177997001236145,
				F5152D8101779A9401236145,
				F5152DA001779BC201236145,
				F51DD1C101779FA201735DBC,
				F51DD1C301779FA201735DBC,
				F51DD1C401779FA201735DBC,
				F51DD1C501779FA201735DBC,
				F5A6100C017921FF01AE21E1,
				F5A6100E0179220B01AE21E1,
				F5A610100179221A01AE21E1,
				F5A610120179222C01AE21E1,
				F5A610140179224101AE21E1,
				F5A610160179226A01AE21E1,
				F5BF246201792B4D01A9CF59,
				F5BF246301792B4D01A9CF59,
				F5BF246401792B4D01A9CF59,
				F5BF246501792B4D01A9CF59,
				F5BF246701792B6201A9CF59,
				F5BF246901792B8E01A9CF59,
				F5BF246B01792B9B01A9CF59,
				F5BF247001792BE001A9CF59,
				F5BF247101792BE001A9CF59,
				F5BF247201792BE001A9CF59,
				F5BF247301792BE001A9CF59,
				F5BF247501792C0D01A9CF59,
				F5BF247701792C3001A9CF59,
				F5BF247D01792C8701A9CF59,
				F5BF247E01792C8701A9CF59,
				F5BF247F01792C8701A9CF59,
				F5BF248201792CAE01A9CF59,
				F5BF248301792CAE01A9CF59,
				F5BF248801792CE601A9CF59,
				F5BF248901792CE601A9CF59,
				F5BF248A01792CE601A9CF59,
				F5BF248D01792D0D01A9CF59,
				F5BF248F01792D6201A9CF59,
				F5BF249101792D9B01A9CF59,
				F5BF249301792DEC01A9CF59,
				F5BF249A01792E4401A9CF59,
				F5BF249B01792E4401A9CF59,
				F5BF249C01792E4401A9CF59,
				F5BF249D01792E4401A9CF59,
				F5BF249E01792E4401A9CF59,
				F5BF249F01792E4401A9CF59,
				F5BF24A301792E7201A9CF59,
				F5BF24A401792E7201A9CF59,
				F5BF24A501792E7201A9CF59,
				F5BF24A801792E8901A9CF59,
				F5BF24A901792E8901A9CF59,
				F5BF24AC01792EA101A9CF59,
				F5BF24AD01792EA101A9CF59,
				F5BF24B001792EB801A9CF59,
				F5BF24B101792EB801A9CF59,
				F5BF24B501792EDD01A9CF59,
				F5BF24B601792EDD01A9CF59,
				F5BF24B701792EDD01A9CF59,
				F5BF24BC01792F0A01A9CF59,
				F5BF24BD01792F0A01A9CF59,
				F5BF24BE01792F0A01A9CF59,
				F5BF24BF01792F0A01A9CF59,
				F5BF24C301792F2D01A9CF59,
				F5BF24C601792F4101A9CF59,
				F5BF24C701792F4101A9CF59,
				F5BF24C901792F5F01A9CF59,
				F50A49BA01792FB301DAC950,
				F50CAF490179376A01582358,
				F57B84EB017A362301989F14,
				F565F98D0188BDC601A8010A,
				F53BC218018F3BAE010001DC,
				F5DA03F4019D9A4201A8010A,
				F5B3468E01BAA64F01A8010A,
				F592EAF801DC193E01A8010A,
				F5676F34020427BE010001DC,
				F503329C0214DBEF01A8010A,
				F57A3FF302296B4F01A8010A,
				F563A94C0260D1F001A8010A,
				F563A9500260D22101A8010A,
				F55C57220266356101A8010A,
				F55E7DF202734D3701A8010A,
				F521B3CB02A8721701A8010A,
				F5A3990202AB1FA901A8010A,
				F583F44202DE2F58010001E2,
				F5DFFA5B02EA671B010001C9,
				F51DCD050320267E010001C9,
				F5AE1A280326C95B010001C8,
				F5AE1A2C0326D8C7010001C8,
			);
			isa = PBXHeadersBuildPhase;
			runOnlyForDeploymentPostprocessing = 0;
		};
		20286C36FDCF999611CA2CEA = {
			buildActionMask = 2147483647;
			files = (
				0867D6ACFE840B52C02AAC07,
				F554739D02DE383A010001E2,
			);
			isa = PBXResourcesBuildPhase;
			runOnlyForDeploymentPostprocessing = 0;
		};
		20286C38FDCF999611CA2CEA = {
			buildActionMask = 2147483647;
			files = (
				F50EA3ED017773D201AFB9BD,
				F5152C87017792DD01236145,
				F5152C88017792DD01236145,
				F5152C89017792DD01236145,
				F5152C910177932501236145,
				F5152C920177932501236145,
				F5152C930177932501236145,
				F5152C980177937201236145,
				F5152C9C017793E501236145,
				F5152CA00177940801236145,
				F5152CA40177942601236145,
				F5152CAC0177946901236145,
				F5152CAD0177946901236145,
				F5152CB20177949A01236145,
				F5152CC60177952E01236145,
				F5152CC70177952E01236145,
				F5152CC80177952E01236145,
				F5152CC90177952E01236145,
				F5152CD00177955C01236145,
				F5152CD10177955C01236145,
				F5152CD50177957801236145,
				F5152CD90177959701236145,
				F5152CDE017795E101236145,
				F5152CF40177968A01236145,
				F5152CF50177968A01236145,
				F5152CF60177968A01236145,
				F5152CF70177968A01236145,
				F5152CF80177968A01236145,
				F5152CF90177968A01236145,
				F5152CFA0177968A01236145,
				F5152D01017796B501236145,
				F5152D02017796B501236145,
				F5152D140177971F01236145,
				F5152D150177971F01236145,
				F5152D160177971F01236145,
				F5152D170177971F01236145,
				F5152D180177971F01236145,
				F5152D29017797A701236145,
				F5152D2A017797A701236145,
				F5152D2B017797A701236145,
				F5152D450177987501236145,
				F5152D460177987501236145,
				F5152D470177987501236145,
				F5152D480177987501236145,
				F5152D490177987501236145,
				F5152D4A0177987501236145,
				F5152D53017798CD01236145,
				F5152D54017798CD01236145,
				F5152D610177997101236145,
				F5152D620177997101236145,
				F5152D630177997101236145,
				F5152D640177997101236145,
				F5152D650177997101236145,
				F5152D660177997101236145,
				F5152D6A0177998801236145,
				F5152D6E017799AD01236145,
				F5152D73017799FE01236145,
				F5152D7701779A1D01236145,
				F5152D7B01779A5201236145,
				F5152D8401779A9401236145,
				F5152D8501779A9401236145,
				F5152D8901779AAE01236145,
				F5152D9101779B1001236145,
				F5152D9201779B1001236145,
				F5152D9801779B5A01236145,
				F5152D9C01779B8B01236145,
				F5152DA101779BC301236145,
				F5152DA501779BE501236145,
				F5152DAA01779C1501236145,
				F5152DB001779C5701236145,
				F51B80C801779D460104EBC6,
				F51B80C901779DC00104EBC6,
				F50DF1DB017A65E40103604C,
				F5EA5378017A69F2013A72DE,
				F5EA5379017A69F2013A72DE,
				F5EA537A017A69F2013A72DE,
				F565F98B0188BD7C01A8010A,
				F5DA03F2019D957801A8010A,
				F5C7370601B58F2801A8010A,
				F5C7370701B58F2801A8010A,
				F5B3468F01BAA64F01A8010A,
				F592EAF901DC193E01A8010A,
				F5F3AD0201E33B04010001DC,
				F5F3AD0301E33B04010001DC,
				F5B04EC901E6586A010001DC,
				F5B04ECA01E6586A010001DC,
				F5B04ECB01E6586A010001DC,
				F5B04ECC01E6586A010001DC,
				F5B04ECD01E6586A010001DC,
				F5B04ECE01E6586A010001DC,
				F5B04ECF01E6586A010001DC,
				F5B04ED001E6586A010001DC,
				F5B04ED101E6586A010001DC,
				F5B04ED201E6586A010001DC,
				F5B04ED301E6586A010001DC,
				F5D9585A01E71559010001DC,
				F5676F32020427B4010001DC,
				F503329D0214DBEF01A8010A,
				F57A3FF402296B4F01A8010A,
				F563A94D0260D1F001A8010A,
				F563A9510260D22101A8010A,
				F55C57230266356101A8010A,
				F55E7DF302734D3701A8010A,
				F521B3CC02A8721701A8010A,
				F5A3990302AB1FA901A8010A,
				F583F44102DE2F58010001E2,
				F51DCD060320267E010001C9,
			);
			isa = PBXSourcesBuildPhase;
			runOnlyForDeploymentPostprocessing = 0;
		};
		20286C3AFDCF999611CA2CEA = {
			fileRef = 20286C2DFDCF999611CA2CEA;
			isa = PBXBuildFile;
			settings = {
				ATTRIBUTES = (
				);
			};
		};
		20286C3BFDCF999611CA2CEA = {
			buildActionMask = 2147483647;
			files = (
				20286C3CFDCF999611CA2CEA,
				0249A66AFF388E3911CA2CEA,
				F5350F6201791EDE019D6BC9,
				F5350F6301791EDE019D6BC9,
				F565F98F0188BE9201A8010A,
				F563787A0296D1EC01A8010A,
			);
			isa = PBXFrameworksBuildPhase;
			runOnlyForDeploymentPostprocessing = 0;
		};
		20286C3CFDCF999611CA2CEA = {
			fileRef = 20286C33FDCF999611CA2CEA;
			isa = PBXBuildFile;
			settings = {
			};
		};
		20AE51440507CCB100000103 = {
			isa = PBXFileReference;
			name = "Zex Design.doc";
			path = "../../Docs/Zex Design.doc";
			refType = 2;
		};
		20AE51450507CCB100000103 = {
			fileEncoding = 30;
			isa = PBXFileReference;
			name = trading_design.txt;
			path = ../../Docs/trading_design.txt;
			refType = 2;
		};
		20AE51460507CCB100000103 = {
			fileEncoding = 30;
			isa = PBXFileReference;
			name = "POBs_planet+buy_data.txt";
			path = "../../Docs/POBs_planet+buy_data.txt";
			refType = 2;
		};
//200
//201
//202
//203
//204
//F50
//F51
//F52
//F53
//F54
		F503329A0214DBEF01A8010A = {
			fileEncoding = 30;
			isa = PBXFileReference;
			name = fast_dyn.h;
			path = ../../Code/Object_Control/fast_dyn.h;
			refType = 2;
		};
		F503329B0214DBEF01A8010A = {
			fileEncoding = 30;
			isa = PBXFileReference;
			name = fast_dyn.c;
			path = ../../Code/Object_Control/fast_dyn.c;
			refType = 2;
		};
		F503329C0214DBEF01A8010A = {
			fileRef = F503329A0214DBEF01A8010A;
			isa = PBXBuildFile;
			settings = {
			};
		};
		F503329D0214DBEF01A8010A = {
			fileRef = F503329B0214DBEF01A8010A;
			isa = PBXBuildFile;
			settings = {
			};
		};
		F507733D01FCCA8A01A8010A = {
			children = (
				20AE51440507CCB100000103,
				20AE51450507CCB100000103,
				20AE51460507CCB100000103,
			);
			isa = PBXGroup;
			name = Notes;
			refType = 4;
		};
		F50A49B901792FB301DAC950 = {
			fileEncoding = 30;
			isa = PBXFileReference;
			name = zex_misc.h;
			path = ../../Code/flotsam_and_jetsam/zex_misc.h;
			refType = 2;
		};
		F50A49BA01792FB301DAC950 = {
			fileRef = F50A49B901792FB301DAC950;
			isa = PBXBuildFile;
			settings = {
			};
		};
		F50CAF490179376A01582358 = {
			fileRef = F5152D2D017797C101236145;
			isa = PBXBuildFile;
			settings = {
			};
		};
		F50DF1DB017A65E40103604C = {
			fileRef = F5152D190177975D01236145;
			isa = PBXBuildFile;
			settings = {
			};
		};
		F50EA3EC017773D201AFB9BD = {
			fileEncoding = 30;
			isa = PBXFileReference;
			name = ZEX.c;
			path = ../../Code/Main/ZEX.c;
			refType = 2;
		};
		F50EA3ED017773D201AFB9BD = {
			fileRef = F50EA3EC017773D201AFB9BD;
			isa = PBXBuildFile;
			settings = {
			};
		};
		F5152C7A0177925B01236145 = {
			children = (
				F5152C8B0177932501236145,
				F5152C8C0177932501236145,
				F5152C8A0177932501236145,
				F5152C7B017792DD01236145,
				F5152C7C017792DD01236145,
				F5152C7D017792DD01236145,
				F5152C940177937201236145,
				F583F43F02DE2F58010001E2,
				F583F44002DE2F58010001E2,
			);
			isa = PBXGroup;
			name = "Static Screens";
			path = "";
			refType = 2;
		};
		F5152C7B017792DD01236145 = {
			fileEncoding = 30;
			isa = PBXFileReference;
			name = show_stats.c;
			path = ../../Code/Static_Stuff/show_stats.c;
			refType = 2;
		};
		F5152C7C017792DD01236145 = {
			fileEncoding = 30;
			isa = PBXFileReference;
			name = inventory.c;
			path = ../../Code/Static_Stuff/inventory.c;
			refType = 2;
		};
		F5152C7D017792DD01236145 = {
			fileEncoding = 30;
			isa = PBXFileReference;
			name = buy.c;
			path = ../../Code/Static_Stuff/buy.c;
			refType = 2;
		};
		F5152C7E017792DD01236145 = {
			children = (
				F51DD1BB01779F9901735DBC,
				F5AE1A270326C95B010001C8,
				F57A3FF202296B4F01A8010A,
				F5152CFD017796B501236145,
				F5A6100D0179220B01AE21E1,
				F5152CDC017795E101236145,
				F5A6100F0179221A01AE21E1,
				F5152D0A0177971F01236145,
				F5152D20017797A601236145,
				F5A610110179222B01AE21E1,
				F5A610130179224101AE21E1,
				F5BF249401792E4301A9CF59,
				F5BF249501792E4301A9CF59,
				F5BF246801792B8D01A9CF59,
				F5152CB00177949A01236145,
				F5BF245E01792B4D01A9CF59,
				F5BF24C201792F2C01A9CF59,
				F5152CA90177946901236145,
				F5BF246A01792B9A01A9CF59,
				F5BF246C01792BDF01A9CF59,
				F5BF246D01792BDF01A9CF59,
				F5BF248001792CAD01A9CF59,
				F5A6100B017921FE01AE21E1,
				F5A610150179226A01AE21E1,
				F5BF248101792CAD01A9CF59,
				F5152D0B0177971F01236145,
				F5152D0C0177971F01236145,
				F5BF247401792C0C01A9CF59,
				F5BF249601792E4301A9CF59,
				F5BF24B201792EDD01A9CF59,
				F5BF24B301792EDD01A9CF59,
				F5BF247601792C2F01A9CF59,
				F5BF24B801792F0A01A9CF59,
				F5BF24B901792F0A01A9CF59,
				F5BF24B401792EDD01A9CF59,
				F5BF247A01792C8601A9CF59,
				F5BF24BA01792F0A01A9CF59,
				F5152D2D017797C101236145,
				F5BF24C801792F5F01A9CF59,
				F5BF249701792E4301A9CF59,
				F5BF246E01792BDF01A9CF59,
				F5BF24C401792F4101A9CF59,
				F5152D9F01779BC201236145,
				F5BF245F01792B4D01A9CF59,
				F5BF249001792D9A01A9CF59,
				F5BF249801792E4301A9CF59,
				F5DFFA5A02EA671B010001C9,
				F5BF248501792CE601A9CF59,
				F5152D0D0177971F01236145,
				F5BF247B01792C8601A9CF59,
				F5BF246001792B4D01A9CF59,
				F5BF248C01792D0D01A9CF59,
				F5BF24A001792E7101A9CF59,
				F5BF249901792E4301A9CF59,
				F5BF24A101792E7101A9CF59,
				F5BF24A201792E7101A9CF59,
				F5BF24A601792E8901A9CF59,
				F5BF24A701792E8901A9CF59,
				F5BF246101792B4D01A9CF59,
				F5152D5E0177997001236145,
				F5BF246F01792BDF01A9CF59,
				F5BF247C01792C8601A9CF59,
				F5676F33020427BE010001DC,
				F5152D8001779A9401236145,
				F5BF246601792B6101A9CF59,
				F5BF248601792CE601A9CF59,
				F5BF24AA01792EA001A9CF59,
				F5BF248701792CE601A9CF59,
				F5BF24AE01792EB701A9CF59,
				F5152D0E0177971F01236145,
				F5BF24AB01792EA001A9CF59,
				F5BF24C501792F4101A9CF59,
				F5BF24AF01792EB701A9CF59,
				F5BF249201792DEB01A9CF59,
				F5BF24BB01792F0A01A9CF59,
				F5152D23017797A701236145,
				F5BF248E01792D6101A9CF59,
				F50A49B901792FB301DAC950,
				F57B84EA017A362301989F14,
			);
			isa = PBXGroup;
			name = Header;
			path = "";
			refType = 4;
		};
		F5152C87017792DD01236145 = {
			fileRef = F5152C7B017792DD01236145;
			isa = PBXBuildFile;
			settings = {
			};
		};
		F5152C88017792DD01236145 = {
			fileRef = F5152C7C017792DD01236145;
			isa = PBXBuildFile;
			settings = {
			};
		};
		F5152C89017792DD01236145 = {
			fileRef = F5152C7D017792DD01236145;
			isa = PBXBuildFile;
			settings = {
			};
		};
		F5152C8A0177932501236145 = {
			fileEncoding = 30;
			isa = PBXFileReference;
			name = register_game.c;
			path = ../../Code/Game/register_game.c;
			refType = 2;
		};
		F5152C8B0177932501236145 = {
			fileEncoding = 30;
			isa = PBXFileReference;
			name = main_sel_screen.c;
			path = ../../Code/Game/main_sel_screen.c;
			refType = 2;
		};
		F5152C8C0177932501236145 = {
			fileEncoding = 30;
			isa = PBXFileReference;
			name = docked.c;
			path = ../../Code/Game/docked.c;
			refType = 2;
		};
		F5152C910177932501236145 = {
			fileRef = F5152C8A0177932501236145;
			isa = PBXBuildFile;
			settings = {
			};
		};
		F5152C920177932501236145 = {
			fileRef = F5152C8B0177932501236145;
			isa = PBXBuildFile;
			settings = {
			};
		};
		F5152C930177932501236145 = {
			fileRef = F5152C8C0177932501236145;
			isa = PBXBuildFile;
			settings = {
			};
		};
		F5152C940177937201236145 = {
			fileEncoding = 30;
			isa = PBXFileReference;
			name = game_pause.c;
			path = ../../Code/Game/game_pause.c;
			refType = 2;
		};
		F5152C950177937201236145 = {
			children = (
				F5152C99017793E501236145,
				F5152C9D0177940701236145,
				F5152CA10177942601236145,
			);
			isa = PBXGroup;
			name = "Player Control";
			path = "";
			refType = 4;
		};
		F5152C980177937201236145 = {
			fileRef = F5152C940177937201236145;
			isa = PBXBuildFile;
			settings = {
			};
		};
		F5152C99017793E501236145 = {
			fileEncoding = 30;
			isa = PBXFileReference;
			name = ship_control.c;
			path = ../../Code/Player_Control/ship_control.c;
			refType = 2;
		};
		F5152C9C017793E501236145 = {
			fileRef = F5152C99017793E501236145;
			isa = PBXBuildFile;
			settings = {
			};
		};
		F5152C9D0177940701236145 = {
			fileEncoding = 30;
			isa = PBXFileReference;
			name = Camera_control.c;
			path = ../../Code/Camera_Control/Camera_control.c;
			refType = 2;
		};
		F5152CA00177940801236145 = {
			fileRef = F5152C9D0177940701236145;
			isa = PBXBuildFile;
			settings = {
			};
		};
		F5152CA10177942601236145 = {
			fileEncoding = 30;
			isa = PBXFileReference;
			name = command_and_control.c;
			path = ../../Code/Static_Stuff/command_and_control.c;
			refType = 2;
		};
		F5152CA40177942601236145 = {
			fileRef = F5152CA10177942601236145;
			isa = PBXBuildFile;
			settings = {
			};
		};
		F5152CA50177944701236145 = {
			children = (
				F5152CA70177946901236145,
				F5152CA60177946901236145,
				F5152CAE0177949A01236145,
			);
			isa = PBXGroup;
			name = Coffee;
			path = "";
			refType = 4;
		};
		F5152CA60177946901236145 = {
			fileEncoding = 30;
			isa = PBXFileReference;
			name = coffee_interface.c;
			path = ../../Code/coffee/coffee_interface.c;
			refType = 2;
		};
		F5152CA70177946901236145 = {
			fileEncoding = 30;
			isa = PBXFileReference;
			name = console.c;
			path = ../../Code/coffee/console.c;
			refType = 2;
		};
		F5152CA90177946901236145 = {
			fileEncoding = 30;
			isa = PBXFileReference;
			name = console.h;
			path = ../../Code/coffee/console.h;
			refType = 2;
		};
		F5152CAA0177946901236145 = {
			fileRef = F5152CA90177946901236145;
			isa = PBXBuildFile;
			settings = {
			};
		};
		F5152CAC0177946901236145 = {
			fileRef = F5152CA60177946901236145;
			isa = PBXBuildFile;
			settings = {
			};
		};
		F5152CAD0177946901236145 = {
			fileRef = F5152CA70177946901236145;
			isa = PBXBuildFile;
			settings = {
			};
		};
		F5152CAE0177949A01236145 = {
			fileEncoding = 30;
			isa = PBXFileReference;
			name = coffee_file_interface.c;
			path = ../../Code/files/coffee_file_interface.c;
			refType = 2;
		};
		F5152CB00177949A01236145 = {
			fileEncoding = 30;
			isa = PBXFileReference;
			name = coffee_file_interface.h;
			path = ../../Code/files/coffee_file_interface.h;
			refType = 2;
		};
		F5152CB10177949A01236145 = {
			fileRef = F5152CB00177949A01236145;
			isa = PBXBuildFile;
			settings = {
			};
		};
		F5152CB20177949A01236145 = {
			fileRef = F5152CAE0177949A01236145;
			isa = PBXBuildFile;
			settings = {
			};
		};
		F5152CB3017794D101236145 = {
			children = (
				F57A3FF102296B4F01A8010A,
				F5152CB70177952E01236145,
				F5152CD60177959701236145,
				F5152CB40177952E01236145,
				F5152CD20177957801236145,
				F5152CB60177952E01236145,
				F5152CCB0177955C01236145,
				F5152CCA0177955C01236145,
				F5152CB50177952E01236145,
			);
			isa = PBXGroup;
			name = "3D Engine";
			path = "";
			refType = 4;
		};
		F5152CB40177952E01236145 = {
			fileEncoding = 30;
			isa = PBXFileReference;
			name = collision.c;
			path = ../../Code/3d_Engine/collision.c;
			refType = 2;
		};
		F5152CB50177952E01236145 = {
			fileEncoding = 30;
			isa = PBXFileReference;
			name = Physics.c;
			path = ../../Code/3d_Engine/Physics.c;
			refType = 2;
		};
		F5152CB60177952E01236145 = {
			fileEncoding = 30;
			isa = PBXFileReference;
			name = matrix_primitives.c;
			path = ../../Code/3d_Engine/matrix_primitives.c;
			refType = 2;
		};
		F5152CB70177952E01236145 = {
			fileEncoding = 30;
			isa = PBXFileReference;
			name = 3d_top.c;
			path = ../../Code/3d_Engine/3d_top.c;
			refType = 2;
		};
		F5152CC60177952E01236145 = {
			fileRef = F5152CB40177952E01236145;
			isa = PBXBuildFile;
			settings = {
			};
		};
		F5152CC70177952E01236145 = {
			fileRef = F5152CB50177952E01236145;
			isa = PBXBuildFile;
			settings = {
			};
		};
		F5152CC80177952E01236145 = {
			fileRef = F5152CB60177952E01236145;
			isa = PBXBuildFile;
			settings = {
			};
		};
		F5152CC90177952E01236145 = {
			fileRef = F5152CB70177952E01236145;
			isa = PBXBuildFile;
			settings = {
			};
		};
		F5152CCA0177955C01236145 = {
			fileEncoding = 30;
			isa = PBXFileReference;
			name = ogl_text.c;
			path = ../../Code/OGL/ogl_text.c;
			refType = 2;
		};
		F5152CCB0177955C01236145 = {
			fileEncoding = 30;
			isa = PBXFileReference;
			name = OGL.c;
			path = ../../Code/OGL/OGL.c;
			refType = 2;
		};
		F5152CD00177955C01236145 = {
			fileRef = F5152CCA0177955C01236145;
			isa = PBXBuildFile;
			settings = {
			};
		};
		F5152CD10177955C01236145 = {
			fileRef = F5152CCB0177955C01236145;
			isa = PBXBuildFile;
			settings = {
			};
		};
		F5152CD20177957801236145 = {
			fileEncoding = 30;
			isa = PBXFileReference;
			name = light_control.c;
			path = ../../Code/3d_Engine/light_control.c;
			refType = 2;
		};
		F5152CD50177957801236145 = {
			fileRef = F5152CD20177957801236145;
			isa = PBXBuildFile;
			settings = {
			};
		};
		F5152CD60177959701236145 = {
			fileEncoding = 30;
			isa = PBXFileReference;
			name = angular_stuff.c;
			path = ../../Code/Angular_stuff/angular_stuff.c;
			refType = 2;
		};
		F5152CD90177959701236145 = {
			fileRef = F5152CD60177959701236145;
			isa = PBXBuildFile;
			settings = {
			};
		};
		F5152CDA017795B801236145 = {
			children = (
				F5152CE50177968A01236145,
				F503329B0214DBEF01A8010A,
				F592EAF501DC154A01A8010A,
				F5152CDB017795E101236145,
				F5152CDF0177968A01236145,
				F5152CE00177968A01236145,
				F5152CFB017796B501236145,
				F5152CFC017796B501236145,
				F5152CE20177968A01236145,
				F5152CE30177968A01236145,
				F5152CE10177968A01236145,
				F51B80C501779D460104EBC6,
				F5152CE40177968A01236145,
				F521B3CA02A8721701A8010A,
				F5A3990102AB1FA901A8010A,
				F521B3C902A8721601A8010A,
				F5A3990002AB1FA901A8010A,
				F503329A0214DBEF01A8010A,
				F592EAF401DC154A01A8010A,
			);
			isa = PBXGroup;
			name = "Object Management";
			path = "";
			refType = 4;
		};
		F5152CDB017795E101236145 = {
			fileEncoding = 30;
			isa = PBXFileReference;
			name = access_ocbs.c;
			path = ../../Code/3d_Engine/access_ocbs.c;
			refType = 2;
		};
		F5152CDC017795E101236145 = {
			fileEncoding = 30;
			isa = PBXFileReference;
			name = access_ocbs.h;
			path = ../../Code/3d_Engine/access_ocbs.h;
			refType = 2;
		};
		F5152CDD017795E101236145 = {
			fileRef = F5152CDC017795E101236145;
			isa = PBXBuildFile;
			settings = {
			};
		};
		F5152CDE017795E101236145 = {
			fileRef = F5152CDB017795E101236145;
			isa = PBXBuildFile;
			settings = {
			};
		};
		F5152CDF0177968A01236145 = {
			fileEncoding = 30;
			isa = PBXFileReference;
			name = "insert object.c";
			path = "../../Code/Object_Control/insert object.c";
			refType = 2;
		};
		F5152CE00177968A01236145 = {
			fileEncoding = 30;
			isa = PBXFileReference;
			name = check_bounding_boxes.c;
			path = ../../Code/Object_Control/check_bounding_boxes.c;
			refType = 2;
		};
		F5152CE10177968A01236145 = {
			fileEncoding = 30;
			isa = PBXFileReference;
			name = explode.c;
			path = ../../Code/Object_Control/explode.c;
			refType = 2;
		};
		F5152CE20177968A01236145 = {
			fileEncoding = 30;
			isa = PBXFileReference;
			name = load_objects.c;
			path = ../../Code/Object_Control/load_objects.c;
			refType = 2;
		};
		F5152CE30177968A01236145 = {
			fileEncoding = 30;
			isa = PBXFileReference;
			name = objects_misc.c;
			path = ../../Code/Object_Control/objects_misc.c;
			refType = 2;
		};
		F5152CE40177968A01236145 = {
			fileEncoding = 30;
			isa = PBXFileReference;
			name = object_control_misc_routines.c;
			path = ../../Code/Object_Control/object_control_misc_routines.c;
			refType = 2;
		};
		F5152CE50177968A01236145 = {
			fileEncoding = 30;
			isa = PBXFileReference;
			name = object_control_top.c;
			path = ../../Code/Object_Control/object_control_top.c;
			refType = 2;
		};
		F5152CF40177968A01236145 = {
			fileRef = F5152CDF0177968A01236145;
			isa = PBXBuildFile;
			settings = {
			};
		};
		F5152CF50177968A01236145 = {
			fileRef = F5152CE10177968A01236145;
			isa = PBXBuildFile;
			settings = {
			};
		};
		F5152CF60177968A01236145 = {
			fileRef = F5152CE00177968A01236145;
			isa = PBXBuildFile;
			settings = {
			};
		};
		F5152CF70177968A01236145 = {
			fileRef = F5152CE30177968A01236145;
			isa = PBXBuildFile;
			settings = {
			};
		};
		F5152CF80177968A01236145 = {
			fileRef = F5152CE50177968A01236145;
			isa = PBXBuildFile;
			settings = {
			};
		};
		F5152CF90177968A01236145 = {
			fileRef = F5152CE40177968A01236145;
			isa = PBXBuildFile;
			settings = {
			};
		};
		F5152CFA0177968A01236145 = {
			fileRef = F5152CE20177968A01236145;
			isa = PBXBuildFile;
			settings = {
			};
		};
		F5152CFB017796B501236145 = {
			fileEncoding = 30;
			isa = PBXFileReference;
			name = MeshToZex.c;
			path = ../../Code/Importer/MeshToZex.c;
			refType = 2;
		};
		F5152CFC017796B501236145 = {
			fileEncoding = 30;
			isa = PBXFileReference;
			name = 3dmf_import.c;
			path = ../../Code/Importer/3dmf_import.c;
			refType = 2;
		};
		F5152CFD017796B501236145 = {
			fileEncoding = 30;
			isa = PBXFileReference;
			name = 3dmf_import.h;
			path = ../../Code/Importer/3dmf_import.h;
			refType = 2;
		};
		F5152CFF017796B501236145 = {
			fileRef = F5152CFD017796B501236145;
			isa = PBXBuildFile;
			settings = {
			};
		};
		F5152D01017796B501236145 = {
			fileRef = F5152CFC017796B501236145;
			isa = PBXBuildFile;
			settings = {
			};
		};
		F5152D02017796B501236145 = {
			fileRef = F5152CFB017796B501236145;
			isa = PBXBuildFile;
			settings = {
			};
		};
		F5152D03017796D101236145 = {
			children = (
				F5152D050177971F01236145,
				F5152D070177971F01236145,
				F5152D060177971F01236145,
				F5152D040177971F01236145,
				F5152D080177971F01236145,
				F5152D2C017797C101236145,
				F55E7DF102734D3701A8010A,
				F55E7DF002734D3701A8010A,
			);
			isa = PBXGroup;
			name = Sim;
			path = "";
			refType = 4;
		};
		F5152D040177971F01236145 = {
			fileEncoding = 30;
			isa = PBXFileReference;
			name = electrics.c;
			path = ../../Code/sim/electrics.c;
			refType = 2;
		};
		F5152D050177971F01236145 = {
			fileEncoding = 30;
			isa = PBXFileReference;
			name = engines.c;
			path = ../../Code/sim/engines.c;
			refType = 2;
		};
		F5152D060177971F01236145 = {
			fileEncoding = 30;
			isa = PBXFileReference;
			name = main_sim.c;
			path = ../../Code/sim/main_sim.c;
			refType = 2;
		};
		F5152D070177971F01236145 = {
			fileEncoding = 30;
			isa = PBXFileReference;
			name = Autopilot.c;
			path = ../../Code/sim/Autopilot.c;
			refType = 2;
		};
		F5152D080177971F01236145 = {
			fileEncoding = 30;
			isa = PBXFileReference;
			name = sds.c;
			path = ../../Code/sim/sds.c;
			refType = 2;
		};
		F5152D090177971F01236145 = {
			children = (
				F5152D190177975D01236145,
				F5152D1C017797A601236145,
				F5152D1E017797A601236145,
				F5152D1F017797A601236145,
				F565F98A0188BD7B01A8010A,
				F5152D2E017797D501236145,
				F5152D30017797F901236145,
			);
			isa = PBXGroup;
			name = Drawing;
			path = "";
			refType = 4;
		};
		F5152D0A0177971F01236145 = {
			fileEncoding = 30;
			isa = PBXFileReference;
			name = autopilot.h;
			path = ../../Code/sim/autopilot.h;
			refType = 2;
		};
		F5152D0B0177971F01236145 = {
			fileEncoding = 30;
			isa = PBXFileReference;
			name = electrics.h;
			path = ../../Code/sim/electrics.h;
			refType = 2;
		};
		F5152D0C0177971F01236145 = {
			fileEncoding = 30;
			isa = PBXFileReference;
			name = engines.h;
			path = ../../Code/sim/engines.h;
			refType = 2;
		};
		F5152D0D0177971F01236145 = {
			fileEncoding = 30;
			isa = PBXFileReference;
			name = main_sim.h;
			path = ../../Code/sim/main_sim.h;
			refType = 2;
		};
		F5152D0E0177971F01236145 = {
			fileEncoding = 30;
			isa = PBXFileReference;
			name = sds.h;
			path = ../../Code/sim/sds.h;
			refType = 2;
		};
		F5152D0F0177971F01236145 = {
			fileRef = F5152D0B0177971F01236145;
			isa = PBXBuildFile;
			settings = {
			};
		};
		F5152D100177971F01236145 = {
			fileRef = F5152D0A0177971F01236145;
			isa = PBXBuildFile;
			settings = {
			};
		};
		F5152D110177971F01236145 = {
			fileRef = F5152D0D0177971F01236145;
			isa = PBXBuildFile;
			settings = {
			};
		};
		F5152D120177971F01236145 = {
			fileRef = F5152D0E0177971F01236145;
			isa = PBXBuildFile;
			settings = {
			};
		};
		F5152D130177971F01236145 = {
			fileRef = F5152D0C0177971F01236145;
			isa = PBXBuildFile;
			settings = {
			};
		};
		F5152D140177971F01236145 = {
			fileRef = F5152D040177971F01236145;
			isa = PBXBuildFile;
			settings = {
			};
		};
		F5152D150177971F01236145 = {
			fileRef = F5152D050177971F01236145;
			isa = PBXBuildFile;
			settings = {
			};
		};
		F5152D160177971F01236145 = {
			fileRef = F5152D060177971F01236145;
			isa = PBXBuildFile;
			settings = {
			};
		};
		F5152D170177971F01236145 = {
			fileRef = F5152D070177971F01236145;
			isa = PBXBuildFile;
			settings = {
			};
		};
		F5152D180177971F01236145 = {
			fileRef = F5152D080177971F01236145;
			isa = PBXBuildFile;
			settings = {
			};
		};
		F5152D190177975D01236145 = {
			fileEncoding = 30;
			isa = PBXFileReference;
			name = drawing.c;
			path = ../../Code/Drawing_Manager/drawing.c;
			refType = 2;
		};
		F5152D1C017797A601236145 = {
			fileEncoding = 30;
			isa = PBXFileReference;
			name = bmp.c;
			path = ../../Code/Drawing_Primitives/bmp.c;
			refType = 2;
		};
		F5152D1E017797A601236145 = {
			fileEncoding = 30;
			isa = PBXFileReference;
			name = dlp.c;
			path = ../../Code/Drawing_Primitives/dlp.c;
			refType = 2;
		};
		F5152D1F017797A601236145 = {
			fileEncoding = 30;
			isa = PBXFileReference;
			name = dlp_explosions.c;
			path = ../../Code/Drawing_Primitives/dlp_explosions.c;
			refType = 2;
		};
		F5152D20017797A601236145 = {
			fileEncoding = 30;
			isa = PBXFileReference;
			name = bmp.h;
			path = ../../Code/Drawing_Primitives/bmp.h;
			refType = 2;
		};
		F5152D23017797A701236145 = {
			fileEncoding = 30;
			isa = PBXFileReference;
			name = txtsplat.h;
			path = ../../Code/Drawing_Primitives/txtsplat.h;
			refType = 2;
		};
		F5152D24017797A701236145 = {
			fileRef = F5152D23017797A701236145;
			isa = PBXBuildFile;
			settings = {
			};
		};
		F5152D25017797A701236145 = {
			fileRef = F5152D20017797A601236145;
			isa = PBXBuildFile;
			settings = {
			};
		};
		F5152D29017797A701236145 = {
			fileRef = F5152D1F017797A601236145;
			isa = PBXBuildFile;
			settings = {
			};
		};
		F5152D2A017797A701236145 = {
			fileRef = F5152D1C017797A601236145;
			isa = PBXBuildFile;
			settings = {
			};
		};
		F5152D2B017797A701236145 = {
			fileRef = F5152D1E017797A601236145;
			isa = PBXBuildFile;
			settings = {
			};
		};
		F5152D2C017797C101236145 = {
			fileEncoding = 30;
			isa = PBXFileReference;
			name = hud_main.c;
			path = ../../Code/HUD/hud_main.c;
			refType = 2;
		};
		F5152D2D017797C101236145 = {
			fileEncoding = 30;
			isa = PBXFileReference;
			name = hud.h;
			path = ../../Code/HUD/hud.h;
			refType = 2;
		};
		F5152D2E017797D501236145 = {
			fileEncoding = 30;
			isa = PBXFileReference;
			name = draw_radar_and_cwp.c;
			path = ../../Code/Drawing_Manager/draw_radar_and_cwp.c;
			refType = 2;
		};
		F5152D30017797F901236145 = {
			fileEncoding = 30;
			isa = PBXFileReference;
			name = pictures.c;
			path = ../../Code/Drawing_Primitives/pictures.c;
			refType = 2;
		};
		F5152D320177981E01236145 = {
			children = (
				F5152D380177987501236145,
				F5152D340177987501236145,
				F5152D350177987501236145,
				F5152D360177987501236145,
				F5152D370177987501236145,
				F5152D4B017798CC01236145,
				F5152D4C017798CC01236145,
				F5152D330177987501236145,
			);
			isa = PBXGroup;
			name = "Software Renderer";
			path = "";
			refType = 4;
		};
		F5152D330177987501236145 = {
			fileEncoding = 30;
			isa = PBXFileReference;
			name = fcircle.c;
			path = ../../Code/Software_3d_Renderer/fcircle.c;
			refType = 2;
		};
		F5152D340177987501236145 = {
			fileEncoding = 30;
			isa = PBXFileReference;
			name = fgouraud.c;
			path = ../../Code/Software_3d_Renderer/fgouraud.c;
			refType = 2;
		};
		F5152D350177987501236145 = {
			fileEncoding = 30;
			isa = PBXFileReference;
			name = FPOLY4_1.c;
			path = ../../Code/Software_3d_Renderer/FPOLY4_1.c;
			refType = 2;
		};
		F5152D360177987501236145 = {
			fileEncoding = 30;
			isa = PBXFileReference;
			name = polyclip.c;
			path = ../../Code/Software_3d_Renderer/polyclip.c;
			refType = 2;
		};
		F5152D370177987501236145 = {
			fileEncoding = 30;
			isa = PBXFileReference;
			name = texture_management.c;
			path = ../../Code/Software_3d_Renderer/texture_management.c;
			refType = 2;
		};
		F5152D380177987501236145 = {
			fileEncoding = 30;
			isa = PBXFileReference;
			name = fdistort.c;
			path = ../../Code/Software_3d_Renderer/fdistort.c;
			refType = 2;
		};
		F5152D450177987501236145 = {
			fileRef = F5152D330177987501236145;
			isa = PBXBuildFile;
			settings = {
			};
		};
		F5152D460177987501236145 = {
			fileRef = F5152D340177987501236145;
			isa = PBXBuildFile;
			settings = {
			};
		};
		F5152D470177987501236145 = {
			fileRef = F5152D350177987501236145;
			isa = PBXBuildFile;
			settings = {
			};
		};
		F5152D480177987501236145 = {
			fileRef = F5152D360177987501236145;
			isa = PBXBuildFile;
			settings = {
			};
		};
		F5152D490177987501236145 = {
			fileRef = F5152D370177987501236145;
			isa = PBXBuildFile;
			settings = {
			};
		};
		F5152D4A0177987501236145 = {
			fileRef = F5152D380177987501236145;
			isa = PBXBuildFile;
			settings = {
			};
		};
		F5152D4B017798CC01236145 = {
			fileEncoding = 30;
			isa = PBXFileReference;
			name = screen_splats.c;
			path = ../../Code/Screen_Splat_Control/screen_splats.c;
			refType = 2;
		};
		F5152D4C017798CC01236145 = {
			fileEncoding = 30;
			isa = PBXFileReference;
			name = Splat_control.c;
			path = ../../Code/Screen_Splat_Control/Splat_control.c;
			refType = 2;
		};
		F5152D53017798CD01236145 = {
			fileRef = F5152D4B017798CC01236145;
			isa = PBXBuildFile;
			settings = {
			};
		};
		F5152D54017798CD01236145 = {
			fileRef = F5152D4C017798CC01236145;
			isa = PBXBuildFile;
			settings = {
			};
		};
		F5152D55017798E501236145 = {
			children = (
				F5C7370401B58F2701A8010A,
				F5C7370501B58F2701A8010A,
				F5152D560177997001236145,
				F5152D570177997001236145,
				F5152D580177997001236145,
				F5152D590177997001236145,
				F5152D5A0177997001236145,
				F5152D5B0177997001236145,
				F5152D670177998801236145,
			);
			isa = PBXGroup;
			name = Galaxy;
			path = "";
			refType = 4;
		};
		F5152D560177997001236145 = {
			fileEncoding = 30;
			isa = PBXFileReference;
			name = solar_system_objects.c;
			path = ../../Code/Galaxy_control/solar_system_objects.c;
			refType = 2;
		};
		F5152D570177997001236145 = {
			fileEncoding = 30;
			isa = PBXFileReference;
			name = solar_system_view.c;
			path = ../../Code/Galaxy_control/solar_system_view.c;
			refType = 2;
		};
		F5152D580177997001236145 = {
			fileEncoding = 30;
			isa = PBXFileReference;
			name = Galaxy.c;
			path = ../../Code/Galaxy_control/Galaxy.c;
			refType = 2;
		};
		F5152D590177997001236145 = {
			fileEncoding = 30;
			isa = PBXFileReference;
			name = physics_gravity.c;
			path = ../../Code/Galaxy_control/physics_gravity.c;
			refType = 2;
		};
		F5152D5A0177997001236145 = {
			fileEncoding = 30;
			isa = PBXFileReference;
			name = planet_gen_main.c;
			path = ../../Code/Galaxy_control/planet_gen_main.c;
			refType = 2;
		};
		F5152D5B0177997001236145 = {
			fileEncoding = 30;
			isa = PBXFileReference;
			name = make_solar_system.c;
			path = ../../Code/Galaxy_control/make_solar_system.c;
			refType = 2;
		};
		F5152D5C0177997001236145 = {
			children = (
				F5152D6B017799AD01236145,
			);
			isa = PBXGroup;
			name = Monsters;
			path = "";
			refType = 4;
		};
		F5152D5E0177997001236145 = {
			fileEncoding = 30;
			isa = PBXFileReference;
			name = physics_gravity.h;
			path = ../../Code/Galaxy_control/physics_gravity.h;
			refType = 2;
		};
		F5152D5F0177997001236145 = {
			fileRef = F5152D5E0177997001236145;
			isa = PBXBuildFile;
			settings = {
			};
		};
		F5152D610177997101236145 = {
			fileRef = F5152D5A0177997001236145;
			isa = PBXBuildFile;
			settings = {
			};
		};
		F5152D620177997101236145 = {
			fileRef = F5152D590177997001236145;
			isa = PBXBuildFile;
			settings = {
			};
		};
		F5152D630177997101236145 = {
			fileRef = F5152D5B0177997001236145;
			isa = PBXBuildFile;
			settings = {
			};
		};
		F5152D640177997101236145 = {
			fileRef = F5152D570177997001236145;
			isa = PBXBuildFile;
			settings = {
			};
		};
		F5152D650177997101236145 = {
			fileRef = F5152D560177997001236145;
			isa = PBXBuildFile;
			settings = {
			};
		};
		F5152D660177997101236145 = {
			fileRef = F5152D580177997001236145;
			isa = PBXBuildFile;
			settings = {
			};
		};
		F5152D670177998801236145 = {
			fileEncoding = 30;
			isa = PBXFileReference;
			name = Planet_Generator.c;
			path = ../../Code/Galaxy_control/Planet_Generator.c;
			refType = 2;
		};
		F5152D6A0177998801236145 = {
			fileRef = F5152D670177998801236145;
			isa = PBXBuildFile;
			settings = {
			};
		};
		F5152D6B017799AD01236145 = {
			fileEncoding = 30;
			isa = PBXFileReference;
			name = cargo.c;
			path = ../../Code/Object_Control/cargo.c;
			refType = 2;
		};
		F5152D6E017799AD01236145 = {
			fileRef = F5152D6B017799AD01236145;
			isa = PBXBuildFile;
			settings = {
			};
		};
		F5152D6F017799C901236145 = {
			children = (
				F5152D70017799FE01236145,
				F5152D7401779A1D01236145,
				F5152D7801779A5201236145,
				F5152D7C01779A9401236145,
				F5152D7D01779A9401236145,
				F5152D8601779AAE01236145,
			);
			isa = PBXGroup;
			name = FileErrorsMisc;
			path = "";
			refType = 4;
		};
		F5152D70017799FE01236145 = {
			fileEncoding = 30;
			isa = PBXFileReference;
			name = init_memory.c;
			path = ../../Code/Init/init_memory.c;
			refType = 2;
		};
		F5152D73017799FE01236145 = {
			fileRef = F5152D70017799FE01236145;
			isa = PBXBuildFile;
			settings = {
			};
		};
		F5152D7401779A1D01236145 = {
			fileEncoding = 30;
			isa = PBXFileReference;
			name = zex_misc.c;
			path = ../../Code/flotsam_and_jetsam/zex_misc.c;
			refType = 2;
		};
		F5152D7701779A1D01236145 = {
			fileRef = F5152D7401779A1D01236145;
			isa = PBXBuildFile;
			settings = {
			};
		};
		F5152D7801779A5201236145 = {
			fileEncoding = 30;
			isa = PBXFileReference;
			name = read_zex_ini.c;
			path = ../../Code/Game/read_zex_ini.c;
			refType = 2;
		};
		F5152D7B01779A5201236145 = {
			fileRef = F5152D7801779A5201236145;
			isa = PBXBuildFile;
			settings = {
			};
		};
		F5152D7C01779A9401236145 = {
			fileEncoding = 30;
			isa = PBXFileReference;
			name = file_io.c;
			path = ../../Code/files/file_io.c;
			refType = 2;
		};
		F5152D7D01779A9401236145 = {
			fileEncoding = 30;
			isa = PBXFileReference;
			name = PrefsFile.c;
			path = ../../Code/files/PrefsFile.c;
			refType = 2;
		};
		F5152D8001779A9401236145 = {
			fileEncoding = 30;
			isa = PBXFileReference;
			name = PrefsFile.h;
			path = ../../Code/files/PrefsFile.h;
			refType = 2;
		};
		F5152D8101779A9401236145 = {
			fileRef = F5152D8001779A9401236145;
			isa = PBXBuildFile;
			settings = {
			};
		};
		F5152D8401779A9401236145 = {
			fileRef = F5152D7D01779A9401236145;
			isa = PBXBuildFile;
			settings = {
			};
		};
		F5152D8501779A9401236145 = {
			fileRef = F5152D7C01779A9401236145;
			isa = PBXBuildFile;
			settings = {
			};
		};
		F5152D8601779AAE01236145 = {
			fileEncoding = 30;
			isa = PBXFileReference;
			name = Error_handler.c;
			path = ../../Code/Error_Handler/Error_handler.c;
			refType = 2;
		};
		F5152D8901779AAE01236145 = {
			fileRef = F5152D8601779AAE01236145;
			isa = PBXBuildFile;
			settings = {
			};
		};
		F5152D8A01779ACA01236145 = {
			children = (
				F5152D8B01779B1001236145,
				F5152D9301779B3201236145,
				F5152D8C01779B1001236145,
				F5152D9501779B5901236145,
				F5152D9901779B8B01236145,
				F51DCD040320267E010001C9,
				F51DCD030320267E010001C9,
			);
			isa = PBXGroup;
			name = Game;
			path = "";
			refType = 4;
		};
		F5152D8B01779B1001236145 = {
			fileEncoding = 30;
			isa = PBXFileReference;
			name = score_and_credits.c;
			path = ../../Code/Game/score_and_credits.c;
			refType = 2;
		};
		F5152D8C01779B1001236145 = {
			fileEncoding = 30;
			isa = PBXFileReference;
			name = dust.c;
			path = ../../Code/Game/dust.c;
			refType = 2;
		};
		F5152D9101779B1001236145 = {
			fileRef = F5152D8B01779B1001236145;
			isa = PBXBuildFile;
			settings = {
			};
		};
		F5152D9201779B1001236145 = {
			fileRef = F5152D8C01779B1001236145;
			isa = PBXBuildFile;
			settings = {
			};
		};
		F5152D9301779B3201236145 = {
			fileEncoding = 30;
			isa = PBXFileReference;
			name = z_init.c;
			path = ../../Code/Init/z_init.c;
			refType = 2;
		};
		F5152D9501779B5901236145 = {
			fileEncoding = 30;
			isa = PBXFileReference;
			name = real_time.c;
			path = ../../Code/Player_Control/real_time.c;
			refType = 2;
		};
		F5152D9801779B5A01236145 = {
			fileRef = F5152D9501779B5901236145;
			isa = PBXBuildFile;
			settings = {
			};
		};
		F5152D9901779B8B01236145 = {
			fileEncoding = 30;
			isa = PBXFileReference;
			name = load_game.c;
			path = ../../Code/LevelScripterLoader/load_game.c;
			refType = 2;
		};
		F5152D9C01779B8B01236145 = {
			fileRef = F5152D9901779B8B01236145;
			isa = PBXBuildFile;
			settings = {
			};
		};
		F5152D9D01779BA401236145 = {
			children = (
				F5F3AD0001E33B04010001DC,
				F5F3AD0101E33B04010001DC,
				F5152D9E01779BC201236145,
				F5152DA201779BE501236145,
				F5152DA601779C1501236145,
			);
			isa = PBXGroup;
			name = Hardware;
			path = "";
			refType = 4;
		};
		F5152D9E01779BC201236145 = {
			fileEncoding = 30;
			isa = PBXFileReference;
			name = keyboard.c;
			path = ../../Code/Input_Handler/keyboard.c;
			refType = 2;
		};
		F5152D9F01779BC201236145 = {
			fileEncoding = 30;
			isa = PBXFileReference;
			name = keyboard.h;
			path = ../../Code/Input_Handler/keyboard.h;
			refType = 2;
		};
		F5152DA001779BC201236145 = {
			fileRef = F5152D9F01779BC201236145;
			isa = PBXBuildFile;
			settings = {
			};
		};
		F5152DA101779BC301236145 = {
			fileRef = F5152D9E01779BC201236145;
			isa = PBXBuildFile;
			settings = {
			};
		};
		F5152DA201779BE501236145 = {
			fileEncoding = 30;
			isa = PBXFileReference;
			name = processor.c;
			path = ../../Code/Assm_bits/processor.c;
			refType = 2;
		};
		F5152DA501779BE501236145 = {
			fileRef = F5152DA201779BE501236145;
			isa = PBXBuildFile;
			settings = {
			};
		};
		F5152DA601779C1501236145 = {
			fileEncoding = 30;
			isa = PBXFileReference;
			name = debug_timing.c;
			path = ../../Code/Debug_Timing/debug_timing.c;
			refType = 2;
		};
		F5152DA701779C1501236145 = {
			children = (
				F5152DAB01779C5701236145,
				F5DA03F1019D957801A8010A,
				F5DA03F3019D9A4101A8010A,
				F5D9585901E71558010001DC,
			);
			isa = PBXGroup;
			name = Sound;
			path = "";
			refType = 4;
		};
		F5152DAA01779C1501236145 = {
			fileRef = F5152DA601779C1501236145;
			isa = PBXBuildFile;
			settings = {
			};
		};
		F5152DAB01779C5701236145 = {
			fileEncoding = 30;
			isa = PBXFileReference;
			name = sound.c;
			path = ../../Code/Sound_Music_Control/sound.c;
			refType = 2;
		};
		F5152DB001779C5701236145 = {
			fileRef = F5152DAB01779C5701236145;
			isa = PBXBuildFile;
			settings = {
			};
		};
		F51B80C501779D460104EBC6 = {
			fileEncoding = 30;
			isa = PBXFileReference;
			name = static_object_support.c;
			path = ../../Code/LevelScripterLoader/static_object_support.c;
			refType = 2;
		};
		F51B80C801779D460104EBC6 = {
			fileRef = F51B80C501779D460104EBC6;
			isa = PBXBuildFile;
			settings = {
			};
		};
		F51B80C901779DC00104EBC6 = {
			fileRef = F5152D9301779B3201236145;
			isa = PBXBuildFile;
			settings = {
			};
		};
		F51DCD030320267E010001C9 = {
			fileEncoding = 30;
			isa = PBXFileReference;
			name = call_signs.h;
			path = ../../Code/Game/call_signs.h;
			refType = 2;
		};
		F51DCD040320267E010001C9 = {
			fileEncoding = 30;
			isa = PBXFileReference;
			name = call_signs.c;
			path = ../../Code/Game/call_signs.c;
			refType = 2;
		};
		F51DCD050320267E010001C9 = {
			fileRef = F51DCD030320267E010001C9;
			isa = PBXBuildFile;
			settings = {
			};
		};
		F51DCD060320267E010001C9 = {
			fileRef = F51DCD040320267E010001C9;
			isa = PBXBuildFile;
			settings = {
			};
		};
		F51DD1BB01779F9901735DBC = {
			children = (
				F565F98C0188BDC501A8010A,
				F51DD1BC01779FA201735DBC,
				F51DD1BE01779FA201735DBC,
				F51DD1BF01779FA201735DBC,
				F51DD1C001779FA201735DBC,
				F53BC217018F3BAD010001DC,
			);
			isa = PBXGroup;
			name = "Standard Headers";
			refType = 4;
		};
		F51DD1BC01779FA201735DBC = {
			fileEncoding = 30;
			isa = PBXFileReference;
			name = ZexTypes.h;
			path = ../../Code/Standard_Headers/ZexTypes.h;
			refType = 2;
		};
		F51DD1BE01779FA201735DBC = {
			fileEncoding = 30;
			isa = PBXFileReference;
			name = options.h;
			path = ../../Code/Standard_Headers/options.h;
			refType = 2;
		};
		F51DD1BF01779FA201735DBC = {
			fileEncoding = 30;
			isa = PBXFileReference;
			name = LS_Standard.h;
			path = ../../Code/Standard_Headers/LS_Standard.h;
			refType = 2;
		};
		F51DD1C001779FA201735DBC = {
			fileEncoding = 30;
			isa = PBXFileReference;
			name = game_defs.h;
			path = ../../Code/Standard_Headers/game_defs.h;
			refType = 2;
		};
		F51DD1C101779FA201735DBC = {
			fileRef = F51DD1BC01779FA201735DBC;
			isa = PBXBuildFile;
			settings = {
			};
		};
		F51DD1C301779FA201735DBC = {
			fileRef = F51DD1BE01779FA201735DBC;
			isa = PBXBuildFile;
			settings = {
			};
		};
		F51DD1C401779FA201735DBC = {
			fileRef = F51DD1BF01779FA201735DBC;
			isa = PBXBuildFile;
			settings = {
			};
		};
		F51DD1C501779FA201735DBC = {
			fileRef = F51DD1C001779FA201735DBC;
			isa = PBXBuildFile;
			settings = {
			};
		};
		F521B3C902A8721601A8010A = {
			fileEncoding = 30;
			isa = PBXFileReference;
			name = particles.h;
			path = ../../Code/Object_Control/particles.h;
			refType = 2;
		};
		F521B3CA02A8721701A8010A = {
			fileEncoding = 30;
			isa = PBXFileReference;
			name = particles.c;
			path = ../../Code/Object_Control/particles.c;
			refType = 2;
		};
		F521B3CB02A8721701A8010A = {
			fileRef = F521B3C902A8721601A8010A;
			isa = PBXBuildFile;
			settings = {
			};
		};
		F521B3CC02A8721701A8010A = {
			fileRef = F521B3CA02A8721701A8010A;
			isa = PBXBuildFile;
			settings = {
			};
		};
		F5350F6001791EDE019D6BC9 = {
			isa = PBXFrameworkReference;
			name = DrawSprocket.framework;
			path = /System/Library/Frameworks/DrawSprocket.framework;
			refType = 0;
		};
		F5350F6101791EDE019D6BC9 = {
			isa = PBXFrameworkReference;
			name = OpenGL.framework;
			path = /System/Library/Frameworks/OpenGL.framework;
			refType = 0;
		};
		F5350F6201791EDE019D6BC9 = {
			fileRef = F5350F6001791EDE019D6BC9;
			isa = PBXBuildFile;
			settings = {
			};
		};
		F5350F6301791EDE019D6BC9 = {
			fileRef = F5350F6101791EDE019D6BC9;
			isa = PBXBuildFile;
			settings = {
			};
		};
		F53BC217018F3BAD010001DC = {
			fileEncoding = 30;
			isa = PBXFileReference;
			name = zselector.h;
			path = ../../Code/Standard_Headers/PB_BUILD/zselector.h;
			refType = 2;
		};
		F53BC218018F3BAE010001DC = {
			fileRef = F53BC217018F3BAD010001DC;
			isa = PBXBuildFile;
			settings = {
			};
		};
		F548C57E01BAA43401A8010A = {
			fileEncoding = 30;
			isa = PBXFileReference;
			name = motherships2.c;
			path = ../../Code/Object_Control/motherships2.c;
			refType = 2;
		};
		F548C58001BAA44701A8010A = {
			fileEncoding = 30;
			isa = PBXFileReference;
			name = motherships2.h;
			path = ../../Code/Object_Control/motherships2.h;
			refType = 2;
		};
		F551B66902AAC9D101A8010A = {
			buildRules = (
			);
			buildSettings = {
				COPY_PHASE_STRIP = NO;
				OPTIMIZATION_CFLAGS = "-O0";
			};
			isa = PBXBuildStyle;
			name = "Development GCC3";
		};
		F554739C02DE383A010001E2 = {
			isa = PBXFileReference;
			name = ScreenConfig.nib;
			path = ../../Resources/Dialogs/ScreenConfig.nib;
			refType = 2;
		};
		F554739D02DE383A010001E2 = {
			fileRef = F554739C02DE383A010001E2;
			isa = PBXBuildFile;
			settings = {
			};
		};
		F55C57200266356101A8010A = {
			fileEncoding = 30;
			isa = PBXFileReference;
			name = behaviours.h;
			path = ../../Code/Behaviour/behaviours.h;
			refType = 2;
		};
		F55C57210266356101A8010A = {
			fileEncoding = 30;
			isa = PBXFileReference;
			name = behaviours.c;
			path = ../../Code/Behaviour/behaviours.c;
			refType = 2;
		};
		F55C57220266356101A8010A = {
			fileRef = F55C57200266356101A8010A;
			isa = PBXBuildFile;
			settings = {
			};
		};
		F55C57230266356101A8010A = {
			fileRef = F55C57210266356101A8010A;
			isa = PBXBuildFile;
			settings = {
			};
		};
		F55E7DF002734D3701A8010A = {
			fileEncoding = 30;
			isa = PBXFileReference;
			name = hud2.h;
			path = ../../Code/sim/hud2.h;
			refType = 2;
		};
		F55E7DF102734D3701A8010A = {
			fileEncoding = 30;
			isa = PBXFileReference;
			name = hud2.c;
			path = ../../Code/sim/hud2.c;
			refType = 2;
		};
		F55E7DF202734D3701A8010A = {
			fileRef = F55E7DF002734D3701A8010A;
			isa = PBXBuildFile;
			settings = {
			};
		};
		F55E7DF302734D3701A8010A = {
			fileRef = F55E7DF102734D3701A8010A;
			isa = PBXBuildFile;
			settings = {
			};
		};
		F56377FD0296D1EC01A8010A = {
			isa = PBXFrameworkReference;
			name = CoreServices.framework;
			path = /System/Library/Frameworks/CoreServices.framework;
			refType = 0;
		};
		F563787A0296D1EC01A8010A = {
			fileRef = F56377FD0296D1EC01A8010A;
			isa = PBXBuildFile;
			settings = {
			};
		};
		F563A94A0260D1F001A8010A = {
			fileEncoding = 30;
			isa = PBXFileReference;
			name = NPC.h;
			path = ../../Code/Behaviour/NPC.h;
			refType = 2;
		};
		F563A94B0260D1F001A8010A = {
			fileEncoding = 30;
			isa = PBXFileReference;
			name = NPC.c;
			path = ../../Code/Behaviour/NPC.c;
			refType = 2;
		};
		F563A94C0260D1F001A8010A = {
			fileRef = F563A94A0260D1F001A8010A;
			isa = PBXBuildFile;
			settings = {
			};
		};
		F563A94D0260D1F001A8010A = {
			fileRef = F563A94B0260D1F001A8010A;
			isa = PBXBuildFile;
			settings = {
			};
		};
		F563A94E0260D22001A8010A = {
			fileEncoding = 30;
			isa = PBXFileReference;
			name = behaviour.h;
			path = ../../Code/Behaviour/behaviour.h;
			refType = 2;
		};
		F563A94F0260D22001A8010A = {
			fileEncoding = 30;
			isa = PBXFileReference;
			name = behaviour.c;
			path = ../../Code/Behaviour/behaviour.c;
			refType = 2;
		};
		F563A9500260D22101A8010A = {
			fileRef = F563A94E0260D22001A8010A;
			isa = PBXBuildFile;
			settings = {
			};
		};
		F563A9510260D22101A8010A = {
			fileRef = F563A94F0260D22001A8010A;
			isa = PBXBuildFile;
			settings = {
			};
		};
		F565F98A0188BD7B01A8010A = {
			fileEncoding = 30;
			isa = PBXFileReference;
			name = textsplat.c;
			path = ../../Code/Drawing_Primitives/textsplat.c;
			refType = 2;
		};
		F565F98B0188BD7C01A8010A = {
			fileRef = F565F98A0188BD7B01A8010A;
			isa = PBXBuildFile;
			settings = {
			};
		};
		F565F98C0188BDC501A8010A = {
			fileEncoding = 30;
			isa = PBXFileReference;
			name = zplatform.h;
			path = ../../Code/Standard_Headers/zplatform.h;
			refType = 2;
		};
		F565F98D0188BDC601A8010A = {
			fileRef = F565F98C0188BDC501A8010A;
			isa = PBXBuildFile;
			settings = {
			};
		};
		F565F98E0188BE9101A8010A = {
			isa = PBXFrameworkReference;
			name = AGL.framework;
			path = /System/Library/Frameworks/AGL.framework;
			refType = 0;
		};
		F565F98F0188BE9201A8010A = {
			fileRef = F565F98E0188BE9101A8010A;
			isa = PBXBuildFile;
			settings = {
			};
		};
		F5676F2E02042779010001DC = {
			children = (
				F5676F30020427B3010001DC,
			);
			isa = PBXGroup;
			name = POBS;
			refType = 4;
		};
		F5676F30020427B3010001DC = {
			fileEncoding = 30;
			isa = PBXFileReference;
			name = POBS_object_management.c;
			path = ../../Code/POBs/POBS_object_management.c;
			refType = 2;
		};
		F5676F32020427B4010001DC = {
			fileRef = F5676F30020427B3010001DC;
			isa = PBXBuildFile;
			settings = {
			};
		};
		F5676F33020427BE010001DC = {
			fileEncoding = 30;
			isa = PBXFileReference;
			name = POBS.h;
			path = ../../Code/POBs/POBS.h;
			refType = 2;
		};
		F5676F34020427BE010001DC = {
			fileRef = F5676F33020427BE010001DC;
			isa = PBXBuildFile;
			settings = {
			};
		};
		F569282F02622C9A01A8010A = {
			children = (
				F563A94B0260D1F001A8010A,
				F563A94F0260D22001A8010A,
				F55C57210266356101A8010A,
				F548C57E01BAA43401A8010A,
				F563A94A0260D1F001A8010A,
				F55C57200266356101A8010A,
				F563A94E0260D22001A8010A,
				F548C58001BAA44701A8010A,
			);
			isa = PBXGroup;
			name = Behaviour;
			refType = 4;
		};
		F56E06720280879001A8010A = {
			buildRules = (
			);
			buildSettings = {
				COPY_PHASE_STRIP = YES;
				OPTIMIZATION_CFLAGS = "-O2 -mcpu=7400 -mdynamic-no-pic -funroll-loops -ffast-math -fstrict-aliasing";
			};
			isa = PBXBuildStyle;
			name = "Deployment GCC3";
		};
		F57A3FF102296B4F01A8010A = {
			fileEncoding = 30;
			isa = PBXFileReference;
			name = 3d_depth_of_field_manager.c;
			path = ../../Code/3d_Engine/3d_depth_of_field_manager.c;
			refType = 2;
		};
		F57A3FF202296B4F01A8010A = {
			fileEncoding = 30;
			isa = PBXFileReference;
			name = 3d_depth_of_field_manager.h;
			path = ../../Code/3d_Engine/3d_depth_of_field_manager.h;
			refType = 2;
		};
		F57A3FF302296B4F01A8010A = {
			fileRef = F57A3FF202296B4F01A8010A;
			isa = PBXBuildFile;
			settings = {
			};
		};
		F57A3FF402296B4F01A8010A = {
			fileRef = F57A3FF102296B4F01A8010A;
			isa = PBXBuildFile;
			settings = {
			};
		};
		F57B84EA017A362301989F14 = {
			fileEncoding = 30;
			isa = PBXFileReference;
			name = Zsound.h;
			path = ../../Code/Sound_Music_Control/Zsound.h;
			refType = 2;
		};
		F57B84EB017A362301989F14 = {
			fileRef = F57B84EA017A362301989F14;
			isa = PBXBuildFile;
			settings = {
			};
		};
		F583F43F02DE2F58010001E2 = {
			fileEncoding = 30;
			isa = PBXFileReference;
			name = display_configuration_dialog.c;
			path = ../../Code/Game/display_configuration_dialog.c;
			refType = 2;
		};
		F583F44002DE2F58010001E2 = {
			fileEncoding = 30;
			isa = PBXFileReference;
			name = display_configuration_dialog.h;
			path = ../../Code/Game/display_configuration_dialog.h;
			refType = 2;
		};
		F583F44102DE2F58010001E2 = {
			fileRef = F583F43F02DE2F58010001E2;
			isa = PBXBuildFile;
			settings = {
			};
		};
		F583F44202DE2F58010001E2 = {
			fileRef = F583F44002DE2F58010001E2;
			isa = PBXBuildFile;
			settings = {
			};
		};
		F583F44302DE2F66010001E2 = {
			children = (
				F583F45402DE3177010001E2,
				F583F45302DE315F010001E2,
				F583F45102DE310B010001E2,
				F583F44F02DE30EA010001E2,
				F583F44402DE307C010001E2,
			);
			isa = PBXGroup;
			name = "Forth Files";
			path = "";
			refType = 4;
		};
		F583F44402DE307C010001E2 = {
			children = (
				F583F44602DE30A9010001E2,
				F583F44702DE30A9010001E2,
				F583F44802DE30A9010001E2,
				F583F44902DE30A9010001E2,
			);
			isa = PBXGroup;
			name = "Ini Files";
			refType = 4;
		};
		F583F44602DE30A9010001E2 = {
			fileEncoding = 30;
			isa = PBXFileReference;
			name = Zex.ini;
			path = "../../LSG-ZEX/ZD3/Init/Zex.ini";
			refType = 2;
		};
		F583F44702DE30A9010001E2 = {
			fileEncoding = 30;
			isa = PBXFileReference;
			name = ships.def;
			path = "../../LSG-ZEX/ZD3/Init/ships.def";
			refType = 2;
		};
		F583F44802DE30A9010001E2 = {
			fileEncoding = 30;
			isa = PBXFileReference;
			name = screen_prefs.ini;
			path = "../../LSG-ZEX/ZD3/Init/screen_prefs.ini";
			refType = 2;
		};
		F583F44902DE30A9010001E2 = {
			fileEncoding = 30;
			isa = PBXFileReference;
			name = keys.def;
			path = "../../LSG-ZEX/ZD3/Init/keys.def";
			refType = 2;
		};
		F583F44F02DE30EA010001E2 = {
			children = (
				F583F45F02DE31E4010001E2,
			);
			isa = PBXGroup;
			name = "hlp files";
			refType = 4;
		};
		F583F45102DE310B010001E2 = {
			children = (
				F583F45502DE3198010001E2,
				F583F45902DE31AE010001E2,
			);
			isa = PBXGroup;
			name = "Additional Forth ZSL";
			refType = 4;
		};
		F583F45302DE315F010001E2 = {
			children = (
				F583F45B02DE31C0010001E2,
			);
			isa = PBXGroup;
			name = "Game ZSL";
			refType = 4;
		};
		F583F45402DE3177010001E2 = {
			children = (
				F583F46302DE3208010001E2,
				F583F46102DE31F0010001E2,
				F583F45D02DE31CF010001E2,
				F583F45702DE31A3010001E2,
			);
			isa = PBXGroup;
			name = "Game Support ZSL";
			refType = 4;
		};
		F583F45502DE3198010001E2 = {
			fileEncoding = 30;
			isa = PBXFileReference;
			name = additional_std_words.zsl;
			path = "../../LSG-ZEX/ZD3/W/additional_std_words.zsl";
			refType = 2;
		};
		F583F45702DE31A3010001E2 = {
			fileEncoding = 30;
			isa = PBXFileReference;
			name = advice.zsl;
			path = "../../LSG-ZEX/ZD3/W/advice.zsl";
			refType = 2;
		};
		F583F45902DE31AE010001E2 = {
			fileEncoding = 30;
			isa = PBXFileReference;
			name = assembler.zsl;
			path = "../../LSG-ZEX/ZD3/W/assembler.zsl";
			refType = 2;
		};
		F583F45B02DE31C0010001E2 = {
			fileEncoding = 30;
			isa = PBXFileReference;
			name = asteroids.zsl;
			path = "../../LSG-ZEX/ZD3/W/asteroids.zsl";
			refType = 2;
		};
		F583F45D02DE31CF010001E2 = {
			fileEncoding = 30;
			isa = PBXFileReference;
			name = read_keys.zsl;
			path = "../../LSG-ZEX/ZD3/W/read_keys.zsl";
			refType = 2;
		};
		F583F45F02DE31E4010001E2 = {
			fileEncoding = 30;
			isa = PBXFileReference;
			name = locals.hlp;
			path = "../../LSG-ZEX/ZD3/W/locals.hlp";
			refType = 2;
		};
		F583F46102DE31F0010001E2 = {
			fileEncoding = 30;
			isa = PBXFileReference;
			name = user.zsl;
			path = "../../LSG-ZEX/ZD3/W/user.zsl";
			refType = 2;
		};
		F583F46302DE3208010001E2 = {
			fileEncoding = 30;
			isa = PBXFileReference;
			name = zexctrls.zsl;
			path = "../../LSG-ZEX/ZD3/W/zexctrls.zsl";
			refType = 2;
		};
		F592EAF401DC154A01A8010A = {
			fileEncoding = 30;
			isa = PBXFileReference;
			name = object_manipulation.h;
			path = ../../Code/3d_Engine/object_manipulation.h;
			refType = 2;
		};
		F592EAF501DC154A01A8010A = {
			fileEncoding = 30;
			isa = PBXFileReference;
			name = object_manipulation.c;
			path = ../../Code/3d_Engine/object_manipulation.c;
			refType = 2;
		};
		F592EAF801DC193E01A8010A = {
			fileRef = F592EAF401DC154A01A8010A;
			isa = PBXBuildFile;
			settings = {
			};
		};
		F592EAF901DC193E01A8010A = {
			fileRef = F592EAF501DC154A01A8010A;
			isa = PBXBuildFile;
			settings = {
			};
		};
		F5A3990002AB1FA901A8010A = {
			fileEncoding = 30;
			isa = PBXFileReference;
			name = particle_dyn.h;
			path = ../../Code/Object_Control/particle_dyn.h;
			refType = 2;
		};
		F5A3990102AB1FA901A8010A = {
			fileEncoding = 30;
			isa = PBXFileReference;
			name = particle_dyn.c;
			path = ../../Code/Object_Control/particle_dyn.c;
			refType = 2;
		};
		F5A3990202AB1FA901A8010A = {
			fileRef = F5A3990002AB1FA901A8010A;
			isa = PBXBuildFile;
			settings = {
			};
		};
		F5A3990302AB1FA901A8010A = {
			fileRef = F5A3990102AB1FA901A8010A;
			isa = PBXBuildFile;
			settings = {
			};
		};
		F5A6100B017921FE01AE21E1 = {
			fileEncoding = 30;
			isa = PBXFileReference;
			name = drawing.h;
			path = ../../Code/Drawing_Manager/drawing.h;
			refType = 2;
		};
		F5A6100C017921FF01AE21E1 = {
			fileRef = F5A6100B017921FE01AE21E1;
			isa = PBXBuildFile;
			settings = {
			};
		};
		F5A6100D0179220B01AE21E1 = {
			fileEncoding = 30;
			isa = PBXFileReference;
			name = 3d_top.h;
			path = ../../Code/3d_Engine/3d_top.h;
			refType = 2;
		};
		F5A6100E0179220B01AE21E1 = {
			fileRef = F5A6100D0179220B01AE21E1;
			isa = PBXBuildFile;
			settings = {
			};
		};
		F5A6100F0179221A01AE21E1 = {
			fileEncoding = 30;
			isa = PBXFileReference;
			name = angular_stuff.h;
			path = ../../Code/Angular_stuff/angular_stuff.h;
			refType = 2;
		};
		F5A610100179221A01AE21E1 = {
			fileRef = F5A6100F0179221A01AE21E1;
			isa = PBXBuildFile;
			settings = {
			};
		};
		F5A610110179222B01AE21E1 = {
			fileEncoding = 30;
			isa = PBXFileReference;
			name = buy.h;
			path = ../../Code/Static_Stuff/buy.h;
			refType = 2;
		};
		F5A610120179222C01AE21E1 = {
			fileRef = F5A610110179222B01AE21E1;
			isa = PBXBuildFile;
			settings = {
			};
		};
		F5A610130179224101AE21E1 = {
			fileEncoding = 30;
			isa = PBXFileReference;
			name = camera_control.h;
			path = ../../Code/Camera_Control/camera_control.h;
			refType = 2;
		};
		F5A610140179224101AE21E1 = {
			fileRef = F5A610130179224101AE21E1;
			isa = PBXBuildFile;
			settings = {
			};
		};
		F5A610150179226A01AE21E1 = {
			fileEncoding = 30;
			isa = PBXFileReference;
			name = draw_radar_and_cwp.h;
			path = ../../Code/Drawing_Manager/draw_radar_and_cwp.h;
			refType = 2;
		};
		F5A610160179226A01AE21E1 = {
			fileRef = F5A610150179226A01AE21E1;
			isa = PBXBuildFile;
			settings = {
			};
		};
		F5AE1A270326C95B010001C8 = {
			fileEncoding = 30;
			isa = PBXFileReference;
			name = 3d_structures_def.h;
			path = ../../Code/3d_Engine/3d_structures_def.h;
			refType = 2;
		};
		F5AE1A280326C95B010001C8 = {
			fileRef = F5AE1A270326C95B010001C8;
			isa = PBXBuildFile;
			settings = {
			};
		};
		F5AE1A2B0326D8C7010001C8 = {
			fileEncoding = 30;
			isa = PBXFileReference;
			name = zex_pch.h;
			path = ../../Code/Main/zex_pch.h;
			refType = 2;
		};
		F5AE1A2C0326D8C7010001C8 = {
			fileRef = F5AE1A2B0326D8C7010001C8;
			isa = PBXBuildFile;
			settings = {
			};
		};
		F5B04EBD01E65802010001DC = {
			children = (
				F5B04EBE01E65869010001DC,
				F5B04EBF01E65869010001DC,
				F5B04EC001E65869010001DC,
				F5B04EC101E65869010001DC,
				F5B04EC201E65869010001DC,
				F5B04EC301E65869010001DC,
				F5B04EC401E65869010001DC,
				F5B04EC501E65869010001DC,
				F5B04EC601E65869010001DC,
				F5B04EC701E65869010001DC,
				F5B04EC801E65869010001DC,
			);
			isa = PBXGroup;
			name = PlayerPro;
			refType = 4;
		};
		F5B04EBE01E65869010001DC = {
			fileEncoding = 30;
			isa = PBXFileReference;
			name = DelayOutPut.c;
			path = ../../Code/Sound_Music_Control/MADLibrary_Source/DelayOutPut.c;
			refType = 2;
		};
		F5B04EBF01E65869010001DC = {
			fileEncoding = 30;
			isa = PBXFileReference;
			name = Effects.c;
			path = ../../Code/Sound_Music_Control/MADLibrary_Source/Effects.c;
			refType = 2;
		};
		F5B04EC001E65869010001DC = {
			fileEncoding = 30;
			isa = PBXFileReference;
			name = Interrupt.c;
			path = ../../Code/Sound_Music_Control/MADLibrary_Source/Interrupt.c;
			refType = 2;
		};
		F5B04EC101E65869010001DC = {
			fileEncoding = 30;
			isa = PBXFileReference;
			name = "Mac-FileUtils.c";
			path = "../../Code/Sound_Music_Control/MADLibrary_Source/Mac-FileUtils.c";
			refType = 2;
		};
		F5B04EC201E65869010001DC = {
			fileEncoding = 30;
			isa = PBXFileReference;
			name = "Mac-PlugImport.c";
			path = "../../Code/Sound_Music_Control/MADLibrary_Source/Mac-PlugImport.c";
			refType = 2;
		};
		F5B04EC301E65869010001DC = {
			fileEncoding = 30;
			isa = PBXFileReference;
			name = "Mac-SoundManager.c";
			path = "../../Code/Sound_Music_Control/MADLibrary_Source/Mac-SoundManager.c";
			refType = 2;
		};
		F5B04EC401E65869010001DC = {
			fileEncoding = 30;
			isa = PBXFileReference;
			name = MainDriver.c;
			path = ../../Code/Sound_Music_Control/MADLibrary_Source/MainDriver.c;
			refType = 2;
		};
		F5B04EC501E65869010001DC = {
			fileEncoding = 30;
			isa = PBXFileReference;
			name = MySndPlayDB.c;
			path = ../../Code/Sound_Music_Control/MADLibrary_Source/MySndPlayDB.c;
			refType = 2;
		};
		F5B04EC601E65869010001DC = {
			fileEncoding = 30;
			isa = PBXFileReference;
			name = OutPut8.c;
			path = ../../Code/Sound_Music_Control/MADLibrary_Source/OutPut8.c;
			refType = 2;
		};
		F5B04EC701E65869010001DC = {
			fileEncoding = 30;
			isa = PBXFileReference;
			name = Realft.c;
			path = ../../Code/Sound_Music_Control/MADLibrary_Source/Realft.c;
			refType = 2;
		};
		F5B04EC801E65869010001DC = {
			fileEncoding = 30;
			isa = PBXFileReference;
			name = TickRemover.c;
			path = ../../Code/Sound_Music_Control/MADLibrary_Source/TickRemover.c;
			refType = 2;
		};
		F5B04EC901E6586A010001DC = {
			fileRef = F5B04EBE01E65869010001DC;
			isa = PBXBuildFile;
			settings = {
			};
		};
		F5B04ECA01E6586A010001DC = {
			fileRef = F5B04EBF01E65869010001DC;
			isa = PBXBuildFile;
			settings = {
			};
		};
		F5B04ECB01E6586A010001DC = {
			fileRef = F5B04EC001E65869010001DC;
			isa = PBXBuildFile;
			settings = {
			};
		};
		F5B04ECC01E6586A010001DC = {
			fileRef = F5B04EC101E65869010001DC;
			isa = PBXBuildFile;
			settings = {
			};
		};
		F5B04ECD01E6586A010001DC = {
			fileRef = F5B04EC201E65869010001DC;
			isa = PBXBuildFile;
			settings = {
			};
		};
		F5B04ECE01E6586A010001DC = {
			fileRef = F5B04EC301E65869010001DC;
			isa = PBXBuildFile;
			settings = {
			};
		};
		F5B04ECF01E6586A010001DC = {
			fileRef = F5B04EC401E65869010001DC;
			isa = PBXBuildFile;
			settings = {
			};
		};
		F5B04ED001E6586A010001DC = {
			fileRef = F5B04EC501E65869010001DC;
			isa = PBXBuildFile;
			settings = {
			};
		};
		F5B04ED101E6586A010001DC = {
			fileRef = F5B04EC601E65869010001DC;
			isa = PBXBuildFile;
			settings = {
			};
		};
		F5B04ED201E6586A010001DC = {
			fileRef = F5B04EC701E65869010001DC;
			isa = PBXBuildFile;
			settings = {
			};
		};
		F5B04ED301E6586A010001DC = {
			fileRef = F5B04EC801E65869010001DC;
			isa = PBXBuildFile;
			settings = {
			};
		};
		F5B3468E01BAA64F01A8010A = {
			fileRef = F548C58001BAA44701A8010A;
			isa = PBXBuildFile;
			settings = {
			};
		};
		F5B3468F01BAA64F01A8010A = {
			fileRef = F548C57E01BAA43401A8010A;
			isa = PBXBuildFile;
			settings = {
			};
		};
		F5BF245E01792B4D01A9CF59 = {
			fileEncoding = 30;
			isa = PBXFileReference;
			name = collision.h;
			path = ../../Code/3d_Engine/collision.h;
			refType = 2;
		};
		F5BF245F01792B4D01A9CF59 = {
			fileEncoding = 30;
			isa = PBXFileReference;
			name = light_control.h;
			path = ../../Code/3d_Engine/light_control.h;
			refType = 2;
		};
		F5BF246001792B4D01A9CF59 = {
			fileEncoding = 30;
			isa = PBXFileReference;
			name = matrix_primitives.h;
			path = ../../Code/3d_Engine/matrix_primitives.h;
			refType = 2;
		};
		F5BF246101792B4D01A9CF59 = {
			fileEncoding = 30;
			isa = PBXFileReference;
			name = Physics.h;
			path = ../../Code/3d_Engine/Physics.h;
			refType = 2;
		};
		F5BF246201792B4D01A9CF59 = {
			fileRef = F5BF245E01792B4D01A9CF59;
			isa = PBXBuildFile;
			settings = {
			};
		};
		F5BF246301792B4D01A9CF59 = {
			fileRef = F5BF245F01792B4D01A9CF59;
			isa = PBXBuildFile;
			settings = {
			};
		};
		F5BF246401792B4D01A9CF59 = {
			fileRef = F5BF246001792B4D01A9CF59;
			isa = PBXBuildFile;
			settings = {
			};
		};
		F5BF246501792B4D01A9CF59 = {
			fileRef = F5BF246101792B4D01A9CF59;
			isa = PBXBuildFile;
			settings = {
			};
		};
		F5BF246601792B6101A9CF59 = {
			fileEncoding = 30;
			isa = PBXFileReference;
			name = processor.h;
			path = ../../Code/Assm_bits/processor.h;
			refType = 2;
		};
		F5BF246701792B6201A9CF59 = {
			fileRef = F5BF246601792B6101A9CF59;
			isa = PBXBuildFile;
			settings = {
			};
		};
		F5BF246801792B8D01A9CF59 = {
			fileEncoding = 30;
			isa = PBXFileReference;
			name = coffee.h;
			path = ../../Code/coffee/coffee.h;
			refType = 2;
		};
		F5BF246901792B8E01A9CF59 = {
			fileRef = F5BF246801792B8D01A9CF59;
			isa = PBXBuildFile;
			settings = {
			};
		};
		F5BF246A01792B9A01A9CF59 = {
			fileEncoding = 30;
			isa = PBXFileReference;
			name = debug_timing.h;
			path = ../../Code/Debug_Timing/debug_timing.h;
			refType = 2;
		};
		F5BF246B01792B9B01A9CF59 = {
			fileRef = F5BF246A01792B9A01A9CF59;
			isa = PBXBuildFile;
			settings = {
			};
		};
		F5BF246C01792BDF01A9CF59 = {
			fileEncoding = 30;
			isa = PBXFileReference;
			name = dlp.h;
			path = ../../Code/Drawing_Primitives/dlp.h;
			refType = 2;
		};
		F5BF246D01792BDF01A9CF59 = {
			fileEncoding = 30;
			isa = PBXFileReference;
			name = dlp_explosions.h;
			path = ../../Code/Drawing_Primitives/dlp_explosions.h;
			refType = 2;
		};
		F5BF246E01792BDF01A9CF59 = {
			fileEncoding = 30;
			isa = PBXFileReference;
			name = instrum.h;
			path = ../../Code/Drawing_Primitives/instrum.h;
			refType = 2;
		};
		F5BF246F01792BDF01A9CF59 = {
			fileEncoding = 30;
			isa = PBXFileReference;
			name = pictures.h;
			path = ../../Code/Drawing_Primitives/pictures.h;
			refType = 2;
		};
		F5BF247001792BE001A9CF59 = {
			fileRef = F5BF246D01792BDF01A9CF59;
			isa = PBXBuildFile;
			settings = {
			};
		};
		F5BF247101792BE001A9CF59 = {
			fileRef = F5BF246C01792BDF01A9CF59;
			isa = PBXBuildFile;
			settings = {
			};
		};
		F5BF247201792BE001A9CF59 = {
			fileRef = F5BF246E01792BDF01A9CF59;
			isa = PBXBuildFile;
			settings = {
			};
		};
		F5BF247301792BE001A9CF59 = {
			fileRef = F5BF246F01792BDF01A9CF59;
			isa = PBXBuildFile;
			settings = {
			};
		};
		F5BF247401792C0C01A9CF59 = {
			fileEncoding = 30;
			isa = PBXFileReference;
			name = Error_handler.h;
			path = ../../Code/Error_Handler/Error_handler.h;
			refType = 2;
		};
		F5BF247501792C0D01A9CF59 = {
			fileRef = F5BF247401792C0C01A9CF59;
			isa = PBXBuildFile;
			settings = {
			};
		};
		F5BF247601792C2F01A9CF59 = {
			fileEncoding = 30;
			isa = PBXFileReference;
			name = file_io.h;
			path = ../../Code/files/file_io.h;
			refType = 2;
		};
		F5BF247701792C3001A9CF59 = {
			fileRef = F5BF247601792C2F01A9CF59;
			isa = PBXBuildFile;
			settings = {
			};
		};
		F5BF247A01792C8601A9CF59 = {
			fileEncoding = 30;
			isa = PBXFileReference;
			name = Galaxy.h;
			path = ../../Code/Galaxy_control/Galaxy.h;
			refType = 2;
		};
		F5BF247B01792C8601A9CF59 = {
			fileEncoding = 30;
			isa = PBXFileReference;
			name = map_control.h;
			path = ../../Code/Galaxy_control/map_control.h;
			refType = 2;
		};
		F5BF247C01792C8601A9CF59 = {
			fileEncoding = 30;
			isa = PBXFileReference;
			name = Planet_Generator.h;
			path = ../../Code/Galaxy_control/Planet_Generator.h;
			refType = 2;
		};
		F5BF247D01792C8701A9CF59 = {
			fileRef = F5BF247A01792C8601A9CF59;
			isa = PBXBuildFile;
			settings = {
			};
		};
		F5BF247E01792C8701A9CF59 = {
			fileRef = F5BF247B01792C8601A9CF59;
			isa = PBXBuildFile;
			settings = {
			};
		};
		F5BF247F01792C8701A9CF59 = {
			fileRef = F5BF247C01792C8601A9CF59;
			isa = PBXBuildFile;
			settings = {
			};
		};
		F5BF248001792CAD01A9CF59 = {
			fileEncoding = 30;
			isa = PBXFileReference;
			name = docked.h;
			path = ../../Code/Game/docked.h;
			refType = 2;
		};
		F5BF248101792CAD01A9CF59 = {
			fileEncoding = 30;
			isa = PBXFileReference;
			name = dust.h;
			path = ../../Code/Game/dust.h;
			refType = 2;
		};
		F5BF248201792CAE01A9CF59 = {
			fileRef = F5BF248001792CAD01A9CF59;
			isa = PBXBuildFile;
			settings = {
			};
		};
		F5BF248301792CAE01A9CF59 = {
			fileRef = F5BF248101792CAD01A9CF59;
			isa = PBXBuildFile;
			settings = {
			};
		};
		F5BF248501792CE601A9CF59 = {
			fileEncoding = 30;
			isa = PBXFileReference;
			name = main_sel_screen.h;
			path = ../../Code/Game/main_sel_screen.h;
			refType = 2;
		};
		F5BF248601792CE601A9CF59 = {
			fileEncoding = 30;
			isa = PBXFileReference;
			name = read_zex_ini.h;
			path = ../../Code/Game/read_zex_ini.h;
			refType = 2;
		};
		F5BF248701792CE601A9CF59 = {
			fileEncoding = 30;
			isa = PBXFileReference;
			name = score_and_credits.h;
			path = ../../Code/Game/score_and_credits.h;
			refType = 2;
		};
		F5BF248801792CE601A9CF59 = {
			fileRef = F5BF248501792CE601A9CF59;
			isa = PBXBuildFile;
			settings = {
			};
		};
		F5BF248901792CE601A9CF59 = {
			fileRef = F5BF248601792CE601A9CF59;
			isa = PBXBuildFile;
			settings = {
			};
		};
		F5BF248A01792CE601A9CF59 = {
			fileRef = F5BF248701792CE601A9CF59;
			isa = PBXBuildFile;
			settings = {
			};
		};
		F5BF248C01792D0D01A9CF59 = {
			fileEncoding = 30;
			isa = PBXFileReference;
			name = MeshToZex.h;
			path = ../../Code/Importer/MeshToZex.h;
			refType = 2;
		};
		F5BF248D01792D0D01A9CF59 = {
			fileRef = F5BF248C01792D0D01A9CF59;
			isa = PBXBuildFile;
			settings = {
			};
		};
		F5BF248E01792D6101A9CF59 = {
			fileEncoding = 30;
			isa = PBXFileReference;
			name = Z_init.h;
			path = ../../Code/Init/Z_init.h;
			refType = 2;
		};
		F5BF248F01792D6201A9CF59 = {
			fileRef = F5BF248E01792D6101A9CF59;
			isa = PBXBuildFile;
			settings = {
			};
		};
		F5BF249001792D9A01A9CF59 = {
			fileEncoding = 30;
			isa = PBXFileReference;
			name = load_game.h;
			path = ../../Code/LevelScripterLoader/load_game.h;
			refType = 2;
		};
		F5BF249101792D9B01A9CF59 = {
			fileRef = F5BF249001792D9A01A9CF59;
			isa = PBXBuildFile;
			settings = {
			};
		};
		F5BF249201792DEB01A9CF59 = {
			fileEncoding = 30;
			isa = PBXFileReference;
			name = static_object_support.h;
			path = ../../Code/LevelScripterLoader/static_object_support.h;
			refType = 2;
		};
		F5BF249301792DEC01A9CF59 = {
			fileRef = F5BF249201792DEB01A9CF59;
			isa = PBXBuildFile;
			settings = {
			};
		};
		F5BF249401792E4301A9CF59 = {
			fileEncoding = 30;
			isa = PBXFileReference;
			name = cargo.h;
			path = ../../Code/Object_Control/cargo.h;
			refType = 2;
		};
		F5BF249501792E4301A9CF59 = {
			fileEncoding = 30;
			isa = PBXFileReference;
			name = check_bounding_boxes.h;
			path = ../../Code/Object_Control/check_bounding_boxes.h;
			refType = 2;
		};
		F5BF249601792E4301A9CF59 = {
			fileEncoding = 30;
			isa = PBXFileReference;
			name = explode.h;
			path = ../../Code/Object_Control/explode.h;
			refType = 2;
		};
		F5BF249701792E4301A9CF59 = {
			fileEncoding = 30;
			isa = PBXFileReference;
			name = "insert object.h";
			path = "../../Code/Object_Control/insert object.h";
			refType = 2;
		};
		F5BF249801792E4301A9CF59 = {
			fileEncoding = 30;
			isa = PBXFileReference;
			name = load_objects.h;
			path = ../../Code/Object_Control/load_objects.h;
			refType = 2;
		};
		F5BF249901792E4301A9CF59 = {
			fileEncoding = 30;
			isa = PBXFileReference;
			name = obj_control_misc_routines.h;
			path = ../../Code/Object_Control/obj_control_misc_routines.h;
			refType = 2;
		};
		F5BF249A01792E4401A9CF59 = {
			fileRef = F5BF249401792E4301A9CF59;
			isa = PBXBuildFile;
			settings = {
			};
		};
		F5BF249B01792E4401A9CF59 = {
			fileRef = F5BF249501792E4301A9CF59;
			isa = PBXBuildFile;
			settings = {
			};
		};
		F5BF249C01792E4401A9CF59 = {
			fileRef = F5BF249601792E4301A9CF59;
			isa = PBXBuildFile;
			settings = {
			};
		};
		F5BF249D01792E4401A9CF59 = {
			fileRef = F5BF249701792E4301A9CF59;
			isa = PBXBuildFile;
			settings = {
			};
		};
		F5BF249E01792E4401A9CF59 = {
			fileRef = F5BF249801792E4301A9CF59;
			isa = PBXBuildFile;
			settings = {
			};
		};
		F5BF249F01792E4401A9CF59 = {
			fileRef = F5BF249901792E4301A9CF59;
			isa = PBXBuildFile;
			settings = {
			};
		};
		F5BF24A001792E7101A9CF59 = {
			fileEncoding = 30;
			isa = PBXFileReference;
			name = object_control_top.h;
			path = ../../Code/Object_Control/object_control_top.h;
			refType = 2;
		};
		F5BF24A101792E7101A9CF59 = {
			fileEncoding = 30;
			isa = PBXFileReference;
			name = objects_misc.h;
			path = ../../Code/Object_Control/objects_misc.h;
			refType = 2;
		};
		F5BF24A201792E7101A9CF59 = {
			fileEncoding = 30;
			isa = PBXFileReference;
			name = objects_controls.h;
			path = ../../Code/Object_Control/objects_controls.h;
			refType = 2;
		};
		F5BF24A301792E7201A9CF59 = {
			fileRef = F5BF24A001792E7101A9CF59;
			isa = PBXBuildFile;
			settings = {
			};
		};
		F5BF24A401792E7201A9CF59 = {
			fileRef = F5BF24A101792E7101A9CF59;
			isa = PBXBuildFile;
			settings = {
			};
		};
		F5BF24A501792E7201A9CF59 = {
			fileRef = F5BF24A201792E7101A9CF59;
			isa = PBXBuildFile;
			settings = {
			};
		};
		F5BF24A601792E8901A9CF59 = {
			fileEncoding = 30;
			isa = PBXFileReference;
			name = OGL.h;
			path = ../../Code/OGL/OGL.h;
			refType = 2;
		};
		F5BF24A701792E8901A9CF59 = {
			fileEncoding = 30;
			isa = PBXFileReference;
			name = olg_text.h;
			path = ../../Code/OGL/olg_text.h;
			refType = 2;
		};
		F5BF24A801792E8901A9CF59 = {
			fileRef = F5BF24A601792E8901A9CF59;
			isa = PBXBuildFile;
			settings = {
			};
		};
		F5BF24A901792E8901A9CF59 = {
			fileRef = F5BF24A701792E8901A9CF59;
			isa = PBXBuildFile;
			settings = {
			};
		};
		F5BF24AA01792EA001A9CF59 = {
			fileEncoding = 30;
			isa = PBXFileReference;
			name = real_time.h;
			path = ../../Code/Player_Control/real_time.h;
			refType = 2;
		};
		F5BF24AB01792EA001A9CF59 = {
			fileEncoding = 30;
			isa = PBXFileReference;
			name = ship_control.h;
			path = ../../Code/Player_Control/ship_control.h;
			refType = 2;
		};
		F5BF24AC01792EA101A9CF59 = {
			fileRef = F5BF24AA01792EA001A9CF59;
			isa = PBXBuildFile;
			settings = {
			};
		};
		F5BF24AD01792EA101A9CF59 = {
			fileRef = F5BF24AB01792EA001A9CF59;
			isa = PBXBuildFile;
			settings = {
			};
		};
		F5BF24AE01792EB701A9CF59 = {
			fileEncoding = 30;
			isa = PBXFileReference;
			name = screen_splats.h;
			path = ../../Code/Screen_Splat_Control/screen_splats.h;
			refType = 2;
		};
		F5BF24AF01792EB701A9CF59 = {
			fileEncoding = 30;
			isa = PBXFileReference;
			name = splat_control.h;
			path = ../../Code/Screen_Splat_Control/splat_control.h;
			refType = 2;
		};
		F5BF24B001792EB801A9CF59 = {
			fileRef = F5BF24AE01792EB701A9CF59;
			isa = PBXBuildFile;
			settings = {
			};
		};
		F5BF24B101792EB801A9CF59 = {
			fileRef = F5BF24AF01792EB701A9CF59;
			isa = PBXBuildFile;
			settings = {
			};
		};
		F5BF24B201792EDD01A9CF59 = {
			fileEncoding = 30;
			isa = PBXFileReference;
			name = fcircle.h;
			path = ../../Code/Software_3d_Renderer/fcircle.h;
			refType = 2;
		};
		F5BF24B301792EDD01A9CF59 = {
			fileEncoding = 30;
			isa = PBXFileReference;
			name = fdistort.h;
			path = ../../Code/Software_3d_Renderer/fdistort.h;
			refType = 2;
		};
		F5BF24B401792EDD01A9CF59 = {
			fileEncoding = 30;
			isa = PBXFileReference;
			name = f_light.h;
			path = ../../Code/Software_3d_Renderer/f_light.h;
			refType = 2;
		};
		F5BF24B501792EDD01A9CF59 = {
			fileRef = F5BF24B401792EDD01A9CF59;
			isa = PBXBuildFile;
			settings = {
			};
		};
		F5BF24B601792EDD01A9CF59 = {
			fileRef = F5BF24B201792EDD01A9CF59;
			isa = PBXBuildFile;
			settings = {
			};
		};
		F5BF24B701792EDD01A9CF59 = {
			fileRef = F5BF24B301792EDD01A9CF59;
			isa = PBXBuildFile;
			settings = {
			};
		};
		F5BF24B801792F0A01A9CF59 = {
			fileEncoding = 30;
			isa = PBXFileReference;
			name = fgouraud.h;
			path = ../../Code/Software_3d_Renderer/fgouraud.h;
			refType = 2;
		};
		F5BF24B901792F0A01A9CF59 = {
			fileEncoding = 30;
			isa = PBXFileReference;
			name = fpoly4.h;
			path = ../../Code/Software_3d_Renderer/fpoly4.h;
			refType = 2;
		};
		F5BF24BA01792F0A01A9CF59 = {
			fileEncoding = 30;
			isa = PBXFileReference;
			name = genpoly.h;
			path = ../../Code/Software_3d_Renderer/genpoly.h;
			refType = 2;
		};
		F5BF24BB01792F0A01A9CF59 = {
			fileEncoding = 30;
			isa = PBXFileReference;
			name = texture_management.h;
			path = ../../Code/Software_3d_Renderer/texture_management.h;
			refType = 2;
		};
		F5BF24BC01792F0A01A9CF59 = {
			fileRef = F5BF24B801792F0A01A9CF59;
			isa = PBXBuildFile;
			settings = {
			};
		};
		F5BF24BD01792F0A01A9CF59 = {
			fileRef = F5BF24B901792F0A01A9CF59;
			isa = PBXBuildFile;
			settings = {
			};
		};
		F5BF24BE01792F0A01A9CF59 = {
			fileRef = F5BF24BA01792F0A01A9CF59;
			isa = PBXBuildFile;
			settings = {
			};
		};
		F5BF24BF01792F0A01A9CF59 = {
			fileRef = F5BF24BB01792F0A01A9CF59;
			isa = PBXBuildFile;
			settings = {
			};
		};
		F5BF24C201792F2C01A9CF59 = {
			fileEncoding = 30;
			isa = PBXFileReference;
			name = command_and_control.h;
			path = ../../Code/Static_Stuff/command_and_control.h;
			refType = 2;
		};
		F5BF24C301792F2D01A9CF59 = {
			fileRef = F5BF24C201792F2C01A9CF59;
			isa = PBXBuildFile;
			settings = {
			};
		};
		F5BF24C401792F4101A9CF59 = {
			fileEncoding = 30;
			isa = PBXFileReference;
			name = inventory.h;
			path = ../../Code/Static_Stuff/inventory.h;
			refType = 2;
		};
		F5BF24C501792F4101A9CF59 = {
			fileEncoding = 30;
			isa = PBXFileReference;
			name = show_stats.h;
			path = ../../Code/Static_Stuff/show_stats.h;
			refType = 2;
		};
		F5BF24C601792F4101A9CF59 = {
			fileRef = F5BF24C401792F4101A9CF59;
			isa = PBXBuildFile;
			settings = {
			};
		};
		F5BF24C701792F4101A9CF59 = {
			fileRef = F5BF24C501792F4101A9CF59;
			isa = PBXBuildFile;
			settings = {
			};
		};
		F5BF24C801792F5F01A9CF59 = {
			fileEncoding = 30;
			isa = PBXFileReference;
			name = init_memory.h;
			path = ../../Code/Init/init_memory.h;
			refType = 2;
		};
		F5BF24C901792F5F01A9CF59 = {
			fileRef = F5BF24C801792F5F01A9CF59;
			isa = PBXBuildFile;
			settings = {
			};
		};
		F5C7370401B58F2701A8010A = {
			fileEncoding = 30;
			isa = PBXFileReference;
			name = galaxy_create.c;
			path = ../../Code/Galaxy_control/galaxy_create.c;
			refType = 2;
		};
		F5C7370501B58F2701A8010A = {
			fileEncoding = 30;
			isa = PBXFileReference;
			name = galaxy_view.c;
			path = ../../Code/Galaxy_control/galaxy_view.c;
			refType = 2;
		};
		F5C7370601B58F2801A8010A = {
			fileRef = F5C7370401B58F2701A8010A;
			isa = PBXBuildFile;
			settings = {
			};
		};
		F5C7370701B58F2801A8010A = {
			fileRef = F5C7370501B58F2701A8010A;
			isa = PBXBuildFile;
			settings = {
			};
		};
		F5D9585901E71558010001DC = {
			fileEncoding = 30;
			isa = PBXFileReference;
			name = mod_player.c;
			path = ../../Code/Sound_Music_Control/mod_player.c;
			refType = 2;
		};
		F5D9585A01E71559010001DC = {
			fileRef = F5D9585901E71558010001DC;
			isa = PBXBuildFile;
			settings = {
			};
		};
		F5DA03F1019D957801A8010A = {
			fileEncoding = 30;
			isa = PBXFileReference;
			name = Eclipse2.c;
			path = ../../Code/Sound_Music_Control/Eclipse2.c;
			refType = 2;
		};
		F5DA03F2019D957801A8010A = {
			fileRef = F5DA03F1019D957801A8010A;
			isa = PBXBuildFile;
			settings = {
			};
		};
		F5DA03F3019D9A4101A8010A = {
			fileEncoding = 30;
			isa = PBXFileReference;
			name = Eclipse2.h;
			path = ../../Code/Sound_Music_Control/Eclipse2.h;
			refType = 2;
		};
		F5DA03F4019D9A4201A8010A = {
			fileRef = F5DA03F3019D9A4101A8010A;
			isa = PBXBuildFile;
			settings = {
			};
		};
		F5DFFA5A02EA671B010001C9 = {
			fileEncoding = 30;
			isa = PBXFileReference;
			name = logging.h;
			path = ../../Code/3d_Engine/logging.h;
			refType = 2;
		};
		F5DFFA5B02EA671B010001C9 = {
			fileRef = F5DFFA5A02EA671B010001C9;
			isa = PBXBuildFile;
			settings = {
			};
		};
		F5EA5378017A69F2013A72DE = {
			fileRef = F5152D2C017797C101236145;
			isa = PBXBuildFile;
			settings = {
			};
		};
		F5EA5379017A69F2013A72DE = {
			fileRef = F5152D2E017797D501236145;
			isa = PBXBuildFile;
			settings = {
			};
		};
		F5EA537A017A69F2013A72DE = {
			fileRef = F5152D30017797F901236145;
			isa = PBXBuildFile;
			settings = {
			};
		};
		F5F3AD0001E33B04010001DC = {
			fileEncoding = 30;
			isa = PBXFileReference;
			name = key_setting.c;
			path = ../../Code/Input_Handler/key_setting.c;
			refType = 2;
		};
		F5F3AD0101E33B04010001DC = {
			fileEncoding = 30;
			isa = PBXFileReference;
			name = key_setup_display.c;
			path = ../../Code/Input_Handler/key_setup_display.c;
			refType = 2;
		};
		F5F3AD0201E33B04010001DC = {
			fileRef = F5F3AD0001E33B04010001DC;
			isa = PBXBuildFile;
			settings = {
			};
		};
		F5F3AD0301E33B04010001DC = {
			fileRef = F5F3AD0101E33B04010001DC;
			isa = PBXBuildFile;
			settings = {
			};
		};
	};
	rootObject = 20286C28FDCF999611CA2CEA;
}
